{
  "version": 4,
  "terraform_version": "1.14.6",
  "serial": 62,
  "lineage": "3c10af92-a362-6218-f102-8c1185a2357c",
  "outputs": {
    "aks_name": {
      "value": "secure-aks-cluster",
      "type": "string"
    },
    "keyvault_name": {
      "value": "securekvYFAUX",
      "type": "string"
    }
  },
  "resources": [
    {
      "mode": "data",
      "type": "azurerm_client_config",
      "name": "current",
      "provider": "provider[\"registry.terraform.io/hashicorp/azurerm\"]",
      "instances": [
        {
          "schema_version": 0,
          "attributes": {
            "client_id": "04b07795-8ddb-461a-bbee-02f9e1bf7b46",
            "id": "Y2xpZW50Q29uZmlncy9jbGllbnRJZD0wNGIwNzc5NS04ZGRiLTQ2MWEtYmJlZS0wMmY5ZTFiZjdiNDY7b2JqZWN0SWQ9ZTM4OTM1YzQtMjRjMS00NWY5LTgzYzItZTQ5ODAwNWIwOTQxO3N1YnNjcmlwdGlvbklkPTUzN2RkZDE4LTk2OTEtNDk0OC04MjkwLWVhMDE4NTEyYjFkYTt0ZW5hbnRJZD02ZDRiYThiNi04ZjZmLTQ1YmMtOGUwNS0zMjUyZmM0OTI1NzY=",
            "object_id": "e38935c4-24c1-45f9-83c2-e498005b0941",
            "subscription_id": "537ddd18-9691-4948-8290-ea018512b1da",
            "tenant_id": "6d4ba8b6-8f6f-45bc-8e05-3252fc492576",
            "timeouts": null
          },
          "sensitive_attributes": [],
          "identity_schema_version": 0
        }
      ]
    },
    {
      "mode": "data",
      "type": "azurerm_subscription",
      "name": "current",
      "provider": "provider[\"registry.terraform.io/hashicorp/azurerm\"]",
      "instances": [
        {
          "schema_version": 0,
          "attributes": {
            "display_name": "Azure subscription 1",
            "id": "/subscriptions/537ddd18-9691-4948-8290-ea018512b1da",
            "location_placement_id": "Public_2014-09-01",
            "quota_id": "FreeTrial_2014-09-01",
            "spending_limit": "On",
            "state": "Enabled",
            "subscription_id": "537ddd18-9691-4948-8290-ea018512b1da",
            "tags": {},
            "tenant_id": "6d4ba8b6-8f6f-45bc-8e05-3252fc492576",
            "timeouts": null
          },
          "sensitive_attributes": [],
          "identity_schema_version": 0
        }
      ]
    },
    {
      "mode": "managed",
      "type": "azurerm_key_vault",
      "name": "kv",
      "provider": "provider[\"registry.terraform.io/hashicorp/azurerm\"]",
      "instances": [
        {
          "schema_version": 2,
          "attributes": {
            "access_policy": [],
            "contact": [],
            "enable_rbac_authorization": false,
            "enabled_for_deployment": false,
            "enabled_for_disk_encryption": false,
            "enabled_for_template_deployment": false,
            "id": "/subscriptions/537ddd18-9691-4948-8290-ea018512b1da/resourceGroups/rg-aks-security/providers/Microsoft.KeyVault/vaults/securekvYFAUX",
            "location": "centralus",
            "name": "securekvYFAUX",
            "network_acls": [
              {
                "bypass": "AzureServices",
                "default_action": "Allow",
                "ip_rules": [],
                "virtual_network_subnet_ids": []
              }
            ],
            "public_network_access_enabled": true,
            "purge_protection_enabled": true,
            "resource_group_name": "rg-aks-security",
            "sku_name": "standard",
            "soft_delete_retention_days": 90,
            "tags": {},
            "tenant_id": "6d4ba8b6-8f6f-45bc-8e05-3252fc492576",
            "timeouts": null,
            "vault_uri": "https://securekvyfaux.vault.azure.net/"
          },
          "sensitive_attributes": [],
          "identity_schema_version": 0,
          "private": "eyJlMmJmYjczMC1lY2FhLTExZTYtOGY4OC0zNDM2M2JjN2M0YzAiOnsiY3JlYXRlIjoxODAwMDAwMDAwMDAwLCJkZWxldGUiOjE4MDAwMDAwMDAwMDAsInJlYWQiOjMwMDAwMDAwMDAwMCwidXBkYXRlIjoxODAwMDAwMDAwMDAwfSwic2NoZW1hX3ZlcnNpb24iOiIyIn0=",
          "dependencies": [
            "azurerm_resource_group.rg",
            "data.azurerm_client_config.current",
            "random_string.suffix"
          ]
        }
      ]
    },
    {
      "mode": "managed",
      "type": "azurerm_kubernetes_cluster",
      "name": "aks",
      "provider": "provider[\"registry.terraform.io/hashicorp/azurerm\"]",
      "instances": [
        {
          "schema_version": 2,
          "attributes": {
            "aci_connector_linux": [],
            "api_server_access_profile": [],
            "api_server_authorized_ip_ranges": [],
            "auto_scaler_profile": [],
            "automatic_channel_upgrade": "",
            "azure_active_directory_role_based_access_control": [],
            "azure_policy_enabled": true,
            "confidential_computing": [],
            "cost_analysis_enabled": false,
            "current_kubernetes_version": "1.33.6",
            "custom_ca_trust_certificates_base64": null,
            "default_node_pool": [
              {
                "capacity_reservation_group_id": "",
                "custom_ca_trust_enabled": false,
                "enable_auto_scaling": false,
                "enable_host_encryption": false,
                "enable_node_public_ip": false,
                "fips_enabled": false,
                "gpu_instance": "",
                "host_group_id": "",
                "kubelet_config": [],
                "kubelet_disk_type": "OS",
                "linux_os_config": [],
                "max_count": 0,
                "max_pods": 30,
                "message_of_the_day": "",
                "min_count": 0,
                "name": "system",
                "node_count": 1,
                "node_labels": {},
                "node_network_profile": [],
                "node_public_ip_prefix_id": "",
                "node_taints": null,
                "only_critical_addons_enabled": false,
                "orchestrator_version": "1.33",
                "os_disk_size_gb": 128,
                "os_disk_type": "Managed",
                "os_sku": "Ubuntu",
                "pod_subnet_id": "",
                "proximity_placement_group_id": "",
                "scale_down_mode": "Delete",
                "snapshot_id": "",
                "tags": null,
                "temporary_name_for_rotation": "",
                "type": "VirtualMachineScaleSets",
                "ultra_ssd_enabled": false,
                "upgrade_settings": [
                  {
                    "drain_timeout_in_minutes": 0,
                    "max_surge": "10%",
                    "node_soak_duration_in_minutes": 0
                  }
                ],
                "vm_size": "standard_dc2s_v3",
                "vnet_subnet_id": "/subscriptions/537ddd18-9691-4948-8290-ea018512b1da/resourceGroups/rg-aks-security/providers/Microsoft.Network/virtualNetworks/aks-secure-vnet/subnets/aks-subnet",
                "workload_runtime": "",
                "zones": null
              }
            ],
            "disk_encryption_set_id": "",
            "dns_prefix": "secureaks",
            "dns_prefix_private_cluster": "",
            "edge_zone": "",
            "enable_pod_security_policy": false,
            "fqdn": "",
            "http_application_routing_enabled": false,
            "http_application_routing_zone_name": "",
            "http_proxy_config": [],
            "id": "/subscriptions/537ddd18-9691-4948-8290-ea018512b1da/resourceGroups/rg-aks-security/providers/Microsoft.ContainerService/managedClusters/secure-aks-cluster",
            "identity": [
              {
                "identity_ids": null,
                "principal_id": "058168a2-db0a-449e-9e7c-c3290e83553f",
                "tenant_id": "6d4ba8b6-8f6f-45bc-8e05-3252fc492576",
                "type": "SystemAssigned"
              }
            ],
            "image_cleaner_enabled": false,
            "image_cleaner_interval_hours": 48,
            "ingress_application_gateway": [],
            "key_management_service": [],
            "key_vault_secrets_provider": [],
            "kube_admin_config": [],
            "kube_admin_config_raw": "",
            "kube_config": [
              {
                "client_certificate": "LS0tLS1CRUdJTiBDRVJUSUZJQ0FURS0tLS0tCk1JSUZIakNDQXdhZ0F3SUJBZ0lSQUxLaW5Hc3R5M1puM3dhRW4xalg4WGt3RFFZSktvWklodmNOQVFFTEJRQXcKRFRFTE1Ba0dBMVVFQXhNQ1kyRXdIaGNOTWpZd016QTFNVEl4TWpFNVdoY05Namd3TXpBMU1USXlNakU1V2pBdwpNUmN3RlFZRFZRUUtFdzV6ZVhOMFpXMDZiV0Z6ZEdWeWN6RVZNQk1HQTFVRUF4TU1iV0Z6ZEdWeVkyeHBaVzUwCk1JSUNJakFOQmdrcWhraUc5dzBCQVFFRkFBT0NBZzhBTUlJQ0NnS0NBZ0VBMi9jTlRQSHZmWU5vOURqNkZIZ0sKc3Myd3g2TFY0bDVMUkJGTzdBNUJOZ3Z3aitBR3liUnhacnRtckpCM2grZTNXLysxZUpaS3p0WUZyTkFSQkR6NworSGNqTkdhSWQxUk9nSGozRCtVb2I1Y3ZvZUZ0aitTQXFMdHpJaisrRTNHbS9UUzJPRWVDSXRUMjd6YjhwMWo2CnFYN0lTcHJnayt2d2VKR0lyUENva2ZOZStNRnZZVGZLVE02dUdHSjZ2bmVEa0NpYXVIMnF1dXMyYmxZeTlvME0KNnQ5clpqUXhkMG1JSzhxU0NsNEova1lPaDVtQlVyL0ZqRkQ0dXRYUnhnZmdSRVhRQVNWb3lvMFR0dm54elBISQpoK2F2a3FPaWgyUE55dzg5UUFVcVhBTnlwdkdGeTNZWmlJdjFuRWN0RWNubUdoRHg2WUZxbGhDQ043Yjc3MjlrCkdCanZDSU9lY0dabFlsY1N4TEVNaTZmTFdYRDNrM2M4cXllTllCRk1XNzZBUmFQdnZUY1U4czZYRnQwcTlIVHUKTGxqZ1A5V1BXTm04Smt6OE05RkxyZXVRWUpBR0E0N2lpS25WZjQ4ak1WUW1qcEZ0UVkzVHZzTkUvYUxXOXZBTgp1LzRpOUZ6WGtQRmRQdC8ra1o3WnNZZmlCSXdZZktkUmQrMTh3L1RXaUZsNFVQem9QM2FQamlBbUZjUHRwTzhSCjNjWjRoNXBnYmNxdVQrbXhNNVE1Yy9oYVM0MDZBaUtQRTF5QmhSZ3RSdXFrQlVoai9laDhxT0RzK09ZSTZlZWcKaGI5Z0hXNkliUEpJaWVGSDAzTnozMXZKTWpOTDZlK2lzYWVSY2M0a2RHNjkwVHFOWXBCVm5QMDJSaXQ2N1pUZwpQZWtaMGV0Ynd4SHBKSDNXZjBPTXRTY0NBd0VBQWFOV01GUXdEZ1lEVlIwUEFRSC9CQVFEQWdXZ01CTUdBMVVkCkpRUU1NQW9HQ0NzR0FRVUZCd01DTUF3R0ExVWRFd0VCL3dRQ01BQXdId1lEVlIwakJCZ3dGb0FVYyszdlhhR0oKOXR4elBsN0cyNHhDZG5mMkwySXdEUVlKS29aSWh2Y05BUUVMQlFBRGdnSUJBRWFsbGlmWFgvQUlrS3lreHlOYQpjOGdLM0lsVUpJZFhDU2dEK09QN1FJQmVhTEE5RVpnWmErNThHVHVMYm1pU2RwQlc1TEZsZE1ZUHVkdjlVOEorCjBMeG0zR0Nzazh6VGgzUWNjRjZSa29YNFAyQXZ0ZTRGNjJBZVlHeVlkOTI1RzFjTmU5YW84aVE4Y09abjFQM1EKYWJ3YXkzUkZtdHFWZml6LzZVVWFLdUExK1lEN0VFUTloR1lJNHBHQU5OQzRkTDlUb2NrR0drbEd3VExxUzU4eApRL0Z1ZEI4cHh2Rkc1L3F6dzVRQTQyQlFGaEhWZnRMOGZlRTdzaksvVWIwWUtEczdaTWRIeTJDcXNEKzhobTVoCnRyQng3c3dTc1grd0YraERMSnZlOFRGSTVvOC9ZQUcvdmpFc3RiMDNITG5HdXpvK011dkpKUFB1dDlQSnRsSzIKZ2hBWnJqUm5XUVQrMlVlWkRmbkpJZVUvazlmcDdlZFhmdDFOVUc1UTgzWHFhR3VyQ0lkQThkZ2xoNHlVM1hKaApVYU9JVmhtbUZnOFYzT2l5QkdQWU52a0JmRENTZnhkdVZKN1hQY0QrcHRiUlBQRlIybkdzSXRKbW55ckg5MHYzCmdJdHNwaURNRENhVXdIOWN2d3JVM3djSVJPYWdGZ2xQcTBYOVBmandjWVd0dTljUnl0b1NvcWVwSFh3U3N6UGEKVXQ0KytIejArRlBsR25XTjh5M0FDVUVObXhyaHF1anJ2eFluWjFIZ1M2ODcxRzh2REJSaGxrT2tCdUJHR0hHWgpPQ2tWYlFXSHdjNEU4M3lFblowRFk2WFJUNW45bnh0K0Q0UG1VTE9KSUdhcW5GVFF5WW5RczVMSTVZQXJQVk5BCmorbVNJSCt1dUtTNm1vT2pWS2xoeVNDNwotLS0tLUVORCBDRVJUSUZJQ0FURS0tLS0tCg==",
                "client_key": "LS0tLS1CRUdJTiBSU0EgUFJJVkFURSBLRVktLS0tLQpNSUlKSndJQkFBS0NBZ0VBMi9jTlRQSHZmWU5vOURqNkZIZ0tzczJ3eDZMVjRsNUxSQkZPN0E1Qk5ndndqK0FHCnliUnhacnRtckpCM2grZTNXLysxZUpaS3p0WUZyTkFSQkR6NytIY2pOR2FJZDFST2dIajNEK1VvYjVjdm9lRnQKaitTQXFMdHpJaisrRTNHbS9UUzJPRWVDSXRUMjd6YjhwMWo2cVg3SVNwcmdrK3Z3ZUpHSXJQQ29rZk5lK01GdgpZVGZLVE02dUdHSjZ2bmVEa0NpYXVIMnF1dXMyYmxZeTlvME02dDlyWmpReGQwbUlLOHFTQ2w0Si9rWU9oNW1CClVyL0ZqRkQ0dXRYUnhnZmdSRVhRQVNWb3lvMFR0dm54elBISWgrYXZrcU9paDJQTnl3ODlRQVVxWEFOeXB2R0YKeTNZWmlJdjFuRWN0RWNubUdoRHg2WUZxbGhDQ043Yjc3MjlrR0JqdkNJT2VjR1psWWxjU3hMRU1pNmZMV1hEMwprM2M4cXllTllCRk1XNzZBUmFQdnZUY1U4czZYRnQwcTlIVHVMbGpnUDlXUFdObThKa3o4TTlGTHJldVFZSkFHCkE0N2lpS25WZjQ4ak1WUW1qcEZ0UVkzVHZzTkUvYUxXOXZBTnUvNGk5RnpYa1BGZFB0LytrWjdac1lmaUJJd1kKZktkUmQrMTh3L1RXaUZsNFVQem9QM2FQamlBbUZjUHRwTzhSM2NaNGg1cGdiY3F1VCtteE01UTVjL2hhUzQwNgpBaUtQRTF5QmhSZ3RSdXFrQlVoai9laDhxT0RzK09ZSTZlZWdoYjlnSFc2SWJQSklpZUZIMDNOejMxdkpNak5MCjZlK2lzYWVSY2M0a2RHNjkwVHFOWXBCVm5QMDJSaXQ2N1pUZ1Bla1owZXRid3hIcEpIM1dmME9NdFNjQ0F3RUEKQVFLQ0FnQUVZVW9CZ3p2S213aEcvSzkySXVITHA2N2llc3FaaEZrcFZOTG1mbTRyL2xiZTlvNE1EQ3pKNStkbQpma1h6RGRrbjJ0S3BRUXppUzM2M2J6azNoV05iRWp4QU9kNXp5ZGo2VSs1UGdiZXBhVEJJbisySGxQdyszK1N1CkJPanJDRE5VRFcybmR6MFBKb0I0U1BjRStnK2J1bXVRbUw3cUV5T3BzdlF1eFdnRjUvdTNKbHJxYTZyNmxvNysKNjA4WVpkYlgwd2NwcjA3c0ErMEVpM0RlV2ZhczRxQUgyL2cwTU9HbVJaVmM0WHgvZExPclhaSW1yS3pwVzE5bwprUU5wVnhUUEp6aTZIUjJXRXZNV2pLbVU5Q2VURlRQZnpxUlkzOUxrUFR4eC91aFdCcmVNdlhoMWtiZDJjWnNGCmJxRm1Ia2dYc3NpdVpxWlJzS2gzSll5a3V1b2FTME5PcUlMOGlndlprd01JandxRmgzQTRYU2FkWC9Od0hRdGQKZWNqSmQ2MW5FYUw1c2xrb1pZQytRMFBXU1laOFRrRFdGYklDM1BvNlA0VkM3dlYyUk85enNNRkR5WkUzdTM3TAorMjYvTTRadWZmRm43TzNsK1hNSXNSNkdyZmFIQWM2RG1LU0cyMGlVQy9PaTJsa3BLcGxQRUlqbENXaHo3VktJCjVXVTVzNjB0cDQxK1QwQTBWeXpGVDBmWTVPb3V5bS9EZi9QeExIOXYxM0Z6bk5JdFhPdDBZclp0VFBmMW5GRWMKZUpnOXlmU2lmcUtCSEZudGtGb0ZCTEN6SnQ1N3kwSEEvN3JERzBSbEVMRjlOeURwMGlUSXY1Z0lDa2xJVEJERgpkdlRvWHM1YmNNRzh0SFNSeWU1ZHlXZUJPR0xUcU0rWFI0S05KU0NEWHJwRXc3eXlVUUtDQVFFQTNQV2Y4RkQzCjJGdUpyMXdDbXdITGlieWcvdHpweDBwYUZkelhyVFpmZktxOUdrUDFua2VnTkRZRmJJVGE3MitjS2xVL0FVRGYKTm55dHdCYU94YnVZMjVBVEordTNsTnpVYnRURS9xUitKcDRNRUdwMndXU25XNVE5aDVWRkk0REZXS1BMT2hLYQpQZXJQTDNEUW9UVkJqelgxRVg5dHJxcG9NRHFKbEZsUEJlb1Ira0dERGxZdmtEaU9BYTExSnVOV0Y3N1ZPb01kCnFCQVhCSDZFWmVIS2RtTGR2QW1nRnFLRG05MmpaNFFzM0s0K3g0NWRlRU1Gd1lzVVdDSGgrNlJaMU1FUUJzRHQKVXJzUGFvNTdUSm56dENrdWxSTnNyZ2Nhb0ZJcnZWbW9MbVRhTHJKYmNEVDZFR0JsclNPQ3dJT1BCYzBsSmdRbQpMWjZtelBjbG9tWEptUUtDQVFFQS90a09YNVYwYmNwY3RDWkVJWm1sUUFzNmJzWUMxVUZjSi9WN2FoMldLSTNKCkVjMm14Zk1KZjZ3L0pVenVTeFNzVXM1clBweHd6L1RoOFR4REhTUHkyZW5RL3NUYmFLa052Vm5rVGFlVEppYWUKU1ZHdGdQR1Ard0xxMTFicmtxUHJ5cXFoalhZQmh3Y1JPb1cvMFJ2L3oySXJ3Z0xnbmJzQlJGUUpXVFVEeXFkSwpjTjU1a0ZaN2hWQWJxT29JeW9WTFZsYzdqVW4zTHovTWNBY2Z1bkt5Z3kzbmFLcjhXb2xoL2JRQ1Q4OUhodW00CmhiMG4wckcxZ2ZEVHZhQnc5T0pYNkwrUThJNC8zTnJtVnRZQXZFNTBYNE15MGcxbmExUVI5UytzSUdtaFdMblMKN2M2VUlna01YWm9aMGRvanBFcWdjVWJGcWh1bko5Y0wzYXQzRGIwc3Z3S0NBUUEzb1UrblBYdG82WUw4dDNtZwpkUTg5bWxRZVZwZzFLSzhObWhCaTk3R0t2YUhtbnYyVDRBeWhtSWc5RGlYZzZvU3kwOHVORVR3aGg3cG5Ca2JqCjJadGVqQ09HaFg0dTZIcERmU1lyeGxaTWVyWW0yK2NTUWJreEFWMk1hVFNDLzhTdjBHMDJMY0RQbmZLVHl4OTcKdHVET29aTVYyTE5RcW02WTFlUVZpWGF2MG9LOE13by83Y3NEMEhsUVNzK1gvdHlLRmUyeFVabUIycXN3NG5tSwovUkh3Ukd2M0Q2VlNqWS85Q2d3OTM3VTd5bExjQXlmZFEyS0xtK3gvVStpRlpwZUhUU1F2enhyeEhVK0FVR2NTCm5pQVJWOXoyZzNGMVR5eVErSjh5aVFRaXlobDBjRXM5TU5sVWpqQ0xLc21jbG9MSHZ5Si9NOFE0OEJ5bXRnS3YKcEZqaEFvSUJBSCtud21kbXVkZDFFbEs3Q0UyOFpPWmJ1WDFiZW5mUU1aVmloZHQxem8ycDJCb3U1V2NxZ291TgpnR1B5MFRxU3RHOFdMdXBCK3RCd1hlMDB2bm1PVkV1THI4Q3VZeWxkNVNBQU16Z2l4TGJMaVdZNG42eURWQmZzCk1pNkR2NlRJcjRmcFNOdFBUUnlTRWJNNjVBYWUrOWlwMkRscXI1RFM1Nk9PWk5CbW1ldWRPTkNvNEVQSXpqN04KRGMzaXpWeUV3R1FUZGlVajg4bWJMNUMrUU1wb1Fic3I5MHFhdTZXdVE0T044OHAramRtcW9WOThqTUloZWtZSQptRWZZWWp5SVZIaWwzTGhpeU9LY1U5MFRmWExWNmIwZVB3cXc1Q2tEQjZ2Rm9YYnE4b003TWNrbFBWWi9LYzZKCkxuM0x3eWE4cXZtUzlkaHIyYU0vT1Jaa21WSXNmSWtDZ2dFQUkxUHMwdkJiWS92OEw2aEQ3U2ZUSjQ0NEdSTFgKZ3ZwY2dKUXozOUlDY09yVk5EZ0I1YkdZNkF5djZlRmhvTlUrNCtIcWpJYzNkUzFnMVAvSGEzeXZuc0lYZkc5aQpTL3o3NDdiSWE3UkVXcVNvRS8ySGZsNjlQeHBGSVV6bElpaHp6SWZLS0hRMlNtYkJZVlN6TFltcEVhTlRteG1qClV6a2x5TTV6TlByMlplUUNIQ3BvcGdFMGtvcUI4M0IxdWlTczc2NGFaZk9BakFGUXNQdU9vYzlOdjFuSENwUWQKa3FSc2p5Q1BSUEZoMlFKWHdBMWc4WHd1cFJkS01SbXQ4WnJndEN0NEdjTHRUd0ozTXJsc3QrOXIwWldyN2hFOApEdGF5bXNXN3Y4Z2tyOHVSbDhTa2kzY0ZiY0xyNGZwOWhLTjZCOTFpMUtqZFNsS1VkZUdtZEEyVHl3PT0KLS0tLS1FTkQgUlNBIFBSSVZBVEUgS0VZLS0tLS0K",
                "cluster_ca_certificate": "LS0tLS1CRUdJTiBDRVJUSUZJQ0FURS0tLS0tCk1JSUU2RENDQXRDZ0F3SUJBZ0lRR1pxcm9VWm5LYlAzSTdxWS9rN3lQekFOQmdrcWhraUc5dzBCQVFzRkFEQU4KTVFzd0NRWURWUVFERXdKallUQWdGdzB5TmpBek1EVXhNakV5TVRsYUdBOHlNRFUyTURNd05URXlNakl4T1ZvdwpEVEVMTUFrR0ExVUVBeE1DWTJFd2dnSWlNQTBHQ1NxR1NJYjNEUUVCQVFVQUE0SUNEd0F3Z2dJS0FvSUNBUUN5CkxzWTVPcm9yNFpHK2ZFaXZGdWNLbVJtUWczTFZGazNicHpnUGJMUUhSN0xySGRiU3R2ZnZzQmhXYldyUkpoaEgKQ1VWME9wcVNXdy9Ta3BBZmVUYkdOcHl5VHQ0WVdSSUZCMHZ6VHgyOHNqdUNLOTFPMTBUUWcwUXNCdzB0LzcyWgpEOGVjTEZnb2Z2OWZYMHREZFh3K0dmdEg2aVJoUjF5a2JoODMvM1ZqUnVBOWhXdmZUWUxLMFFXVWxDTjdWMkx3CkRMWDYxbk94SHhPWWpFU04vMGdKM2UwQnJQWmxjQUU4QzlqNUxSSGFLQ2hWeXk5Y3ZxcEhuLzlwMjhncmlsdC8KUCtvcmQrbjVwK0ZIaVRVdFZ0c3JlQU1mTXBkZE02WUNPWnZrL29DYVVDenVkVTJidnRVNlpGZW9EcUhSZDkwOQphVmJGMFZsMjVDMURHUGIvMHRBajlHZWQzRmxtbkt6MFlBeEdvc2xKRk1zZVNTLy9scGxJOWdtRDJwbDk1cGNSCnFoc3phaG1rVnVHS1NNWG5tWkpiTUZ4RlFxeHlIa3RBVHBTOGFDWTVUaE5nQVFaV1lTMlg2NGJRRUI0UEdnS0wKZ0VDTkpxU2Nxd2lEaGVvdUczMHd5dzJHWEl6dGppd2VINU85WHZGUE1pVnVTR0ZxeVlMUnoyMlhram4wUVdSTwozZ2I5a2puMURCZ2d4OHJrMjB1NUQ2WUpuWnNqRVVtOTl3T0c5RVZKN2tKVHNmbTA5aE4xd05tVkFwQ3BGOHhsClU2TzB6eFJiMkN4Tm1kWG9ObjVPZ1B6UmdjK2ZSaElrbWxMbEZRTWQ1Z1JUTlBhTmxuRjlIbDRXOTVtU3dBSHMKOTRsS1Z3dnYzblFpT1FDanhJcENNd3VUYWNKcGxDWkUxbnBwdEYwT0F3SURBUUFCbzBJd1FEQU9CZ05WSFE4QgpBZjhFQkFNQ0FxUXdEd1lEVlIwVEFRSC9CQVV3QXdFQi96QWRCZ05WSFE0RUZnUVVjKzN2WGFHSjl0eHpQbDdHCjI0eENkbmYyTDJJd0RRWUpLb1pJaHZjTkFRRUxCUUFEZ2dJQkFIT2pyYXdiTjBmRDh0WEpwK2pKV2pzL1ZIMDIKQjZJbXVjSU1OcEt6QjBCOWtyM1VKRUQ1bFRpZVovdmo4NEd4a3JIeGpKUmU1TGNXSnlaSndNYU1QMFN4SHNnMwowWEhIZFVSeXZDb1JZc0U2NTdsYlIzaStKcFlXMDdVMkVNMVlMajVpUHpiVDJQaEFiSnc2OHBnWlRNeVl0NlE1CjNKZGQ4cUhub0ZTc01PYk9tOFp4N2pkUlAxQllYbzRzMDQrQzJwb0x2cUgxZXhPQk43dDg4ZG5oVm9BVUlaNjcKajMyMnZza0ltT0RPWHFTQzM4SnJrbTV4ZGYvd055R3crSk5uK28veHFlc0FRZ2plOU1FNDhkakxNOHJMQ2lvego1MlNiMDlPWU5hL2wreWlZZWlpQVpmNjNmaTF4WU5IaC9FUGxtd2xybWZtcG1CTGd0SmpKeEIxbHdhempLOEdXClRQVHRoSFN3R0JWd2JtdUtXcFhWNWRrdTQ2eVZUZFp5MExPT0k2WldLei9Obm81NkU5QlVUanNnWkNET3NLRnIKRUFaTnBGYmhwTUFyUGZ2NnUzWlJCYnU1bWVEMDQ1cTJ5OGVEeXRtOGFyakwxanR4MXBSSVdDRDhPZG94U1lLdwovTE51VldtNUlOczcxSVNKUVUvK3BsMURLZWxJWjcxTHFobjJnNFZ3c25tYkNKRFlXQ0pxUXk1S3I2NjA2SWdhCkE4VTRHelJrb3owOGVsNFh6K3JsSWNQMFBvbWVWYmRmRmRMQy9GV2EvUTd6MlFSTCswMi9mYUpicE9oQklXNk0KZnN5MWhYaG1hekZJWkgvM0oyYWxIdmVZZWF1ZUFJbUtieG9OeFpFdG01YnAyV3dEU2lJMk5vZzRwa2xLRUlmeApIakRUSThWdHVEaDVySkV6Ci0tLS0tRU5EIENFUlRJRklDQVRFLS0tLS0K",
                "host": "https://secureaks-c6lks1cl.7fee4ed5-0566-4965-a35b-dea2bcb2f016.privatelink.centralus.azmk8s.io:443",
                "password": "5smrrmhqroaxvqm3xd8u2eugkybb0sjquqtpmt3lj238mjx5r7x6sr5rqmt6htizizoj7w9bg633x4jax2mzkityw2n9c2qj1ljcrt8mz4l2t391khrmfw1bh2xf2hrh",
                "username": "clusterUser_rg-aks-security_secure-aks-cluster"
              }
            ],
            "kube_config_raw": "apiVersion: v1\nclusters:\n- cluster:\n    certificate-authority-data: LS0tLS1CRUdJTiBDRVJUSUZJQ0FURS0tLS0tCk1JSUU2RENDQXRDZ0F3SUJBZ0lRR1pxcm9VWm5LYlAzSTdxWS9rN3lQekFOQmdrcWhraUc5dzBCQVFzRkFEQU4KTVFzd0NRWURWUVFERXdKallUQWdGdzB5TmpBek1EVXhNakV5TVRsYUdBOHlNRFUyTURNd05URXlNakl4T1ZvdwpEVEVMTUFrR0ExVUVBeE1DWTJFd2dnSWlNQTBHQ1NxR1NJYjNEUUVCQVFVQUE0SUNEd0F3Z2dJS0FvSUNBUUN5CkxzWTVPcm9yNFpHK2ZFaXZGdWNLbVJtUWczTFZGazNicHpnUGJMUUhSN0xySGRiU3R2ZnZzQmhXYldyUkpoaEgKQ1VWME9wcVNXdy9Ta3BBZmVUYkdOcHl5VHQ0WVdSSUZCMHZ6VHgyOHNqdUNLOTFPMTBUUWcwUXNCdzB0LzcyWgpEOGVjTEZnb2Z2OWZYMHREZFh3K0dmdEg2aVJoUjF5a2JoODMvM1ZqUnVBOWhXdmZUWUxLMFFXVWxDTjdWMkx3CkRMWDYxbk94SHhPWWpFU04vMGdKM2UwQnJQWmxjQUU4QzlqNUxSSGFLQ2hWeXk5Y3ZxcEhuLzlwMjhncmlsdC8KUCtvcmQrbjVwK0ZIaVRVdFZ0c3JlQU1mTXBkZE02WUNPWnZrL29DYVVDenVkVTJidnRVNlpGZW9EcUhSZDkwOQphVmJGMFZsMjVDMURHUGIvMHRBajlHZWQzRmxtbkt6MFlBeEdvc2xKRk1zZVNTLy9scGxJOWdtRDJwbDk1cGNSCnFoc3phaG1rVnVHS1NNWG5tWkpiTUZ4RlFxeHlIa3RBVHBTOGFDWTVUaE5nQVFaV1lTMlg2NGJRRUI0UEdnS0wKZ0VDTkpxU2Nxd2lEaGVvdUczMHd5dzJHWEl6dGppd2VINU85WHZGUE1pVnVTR0ZxeVlMUnoyMlhram4wUVdSTwozZ2I5a2puMURCZ2d4OHJrMjB1NUQ2WUpuWnNqRVVtOTl3T0c5RVZKN2tKVHNmbTA5aE4xd05tVkFwQ3BGOHhsClU2TzB6eFJiMkN4Tm1kWG9ObjVPZ1B6UmdjK2ZSaElrbWxMbEZRTWQ1Z1JUTlBhTmxuRjlIbDRXOTVtU3dBSHMKOTRsS1Z3dnYzblFpT1FDanhJcENNd3VUYWNKcGxDWkUxbnBwdEYwT0F3SURBUUFCbzBJd1FEQU9CZ05WSFE4QgpBZjhFQkFNQ0FxUXdEd1lEVlIwVEFRSC9CQVV3QXdFQi96QWRCZ05WSFE0RUZnUVVjKzN2WGFHSjl0eHpQbDdHCjI0eENkbmYyTDJJd0RRWUpLb1pJaHZjTkFRRUxCUUFEZ2dJQkFIT2pyYXdiTjBmRDh0WEpwK2pKV2pzL1ZIMDIKQjZJbXVjSU1OcEt6QjBCOWtyM1VKRUQ1bFRpZVovdmo4NEd4a3JIeGpKUmU1TGNXSnlaSndNYU1QMFN4SHNnMwowWEhIZFVSeXZDb1JZc0U2NTdsYlIzaStKcFlXMDdVMkVNMVlMajVpUHpiVDJQaEFiSnc2OHBnWlRNeVl0NlE1CjNKZGQ4cUhub0ZTc01PYk9tOFp4N2pkUlAxQllYbzRzMDQrQzJwb0x2cUgxZXhPQk43dDg4ZG5oVm9BVUlaNjcKajMyMnZza0ltT0RPWHFTQzM4SnJrbTV4ZGYvd055R3crSk5uK28veHFlc0FRZ2plOU1FNDhkakxNOHJMQ2lvego1MlNiMDlPWU5hL2wreWlZZWlpQVpmNjNmaTF4WU5IaC9FUGxtd2xybWZtcG1CTGd0SmpKeEIxbHdhempLOEdXClRQVHRoSFN3R0JWd2JtdUtXcFhWNWRrdTQ2eVZUZFp5MExPT0k2WldLei9Obm81NkU5QlVUanNnWkNET3NLRnIKRUFaTnBGYmhwTUFyUGZ2NnUzWlJCYnU1bWVEMDQ1cTJ5OGVEeXRtOGFyakwxanR4MXBSSVdDRDhPZG94U1lLdwovTE51VldtNUlOczcxSVNKUVUvK3BsMURLZWxJWjcxTHFobjJnNFZ3c25tYkNKRFlXQ0pxUXk1S3I2NjA2SWdhCkE4VTRHelJrb3owOGVsNFh6K3JsSWNQMFBvbWVWYmRmRmRMQy9GV2EvUTd6MlFSTCswMi9mYUpicE9oQklXNk0KZnN5MWhYaG1hekZJWkgvM0oyYWxIdmVZZWF1ZUFJbUtieG9OeFpFdG01YnAyV3dEU2lJMk5vZzRwa2xLRUlmeApIakRUSThWdHVEaDVySkV6Ci0tLS0tRU5EIENFUlRJRklDQVRFLS0tLS0K\n    server: https://secureaks-c6lks1cl.7fee4ed5-0566-4965-a35b-dea2bcb2f016.privatelink.centralus.azmk8s.io:443\n  name: secure-aks-cluster\ncontexts:\n- context:\n    cluster: secure-aks-cluster\n    user: clusterUser_rg-aks-security_secure-aks-cluster\n  name: secure-aks-cluster\ncurrent-context: secure-aks-cluster\nkind: Config\nusers:\n- name: clusterUser_rg-aks-security_secure-aks-cluster\n  user:\n    client-certificate-data: LS0tLS1CRUdJTiBDRVJUSUZJQ0FURS0tLS0tCk1JSUZIakNDQXdhZ0F3SUJBZ0lSQUxLaW5Hc3R5M1puM3dhRW4xalg4WGt3RFFZSktvWklodmNOQVFFTEJRQXcKRFRFTE1Ba0dBMVVFQXhNQ1kyRXdIaGNOTWpZd016QTFNVEl4TWpFNVdoY05Namd3TXpBMU1USXlNakU1V2pBdwpNUmN3RlFZRFZRUUtFdzV6ZVhOMFpXMDZiV0Z6ZEdWeWN6RVZNQk1HQTFVRUF4TU1iV0Z6ZEdWeVkyeHBaVzUwCk1JSUNJakFOQmdrcWhraUc5dzBCQVFFRkFBT0NBZzhBTUlJQ0NnS0NBZ0VBMi9jTlRQSHZmWU5vOURqNkZIZ0sKc3Myd3g2TFY0bDVMUkJGTzdBNUJOZ3Z3aitBR3liUnhacnRtckpCM2grZTNXLysxZUpaS3p0WUZyTkFSQkR6NworSGNqTkdhSWQxUk9nSGozRCtVb2I1Y3ZvZUZ0aitTQXFMdHpJaisrRTNHbS9UUzJPRWVDSXRUMjd6YjhwMWo2CnFYN0lTcHJnayt2d2VKR0lyUENva2ZOZStNRnZZVGZLVE02dUdHSjZ2bmVEa0NpYXVIMnF1dXMyYmxZeTlvME0KNnQ5clpqUXhkMG1JSzhxU0NsNEova1lPaDVtQlVyL0ZqRkQ0dXRYUnhnZmdSRVhRQVNWb3lvMFR0dm54elBISQpoK2F2a3FPaWgyUE55dzg5UUFVcVhBTnlwdkdGeTNZWmlJdjFuRWN0RWNubUdoRHg2WUZxbGhDQ043Yjc3MjlrCkdCanZDSU9lY0dabFlsY1N4TEVNaTZmTFdYRDNrM2M4cXllTllCRk1XNzZBUmFQdnZUY1U4czZYRnQwcTlIVHUKTGxqZ1A5V1BXTm04Smt6OE05RkxyZXVRWUpBR0E0N2lpS25WZjQ4ak1WUW1qcEZ0UVkzVHZzTkUvYUxXOXZBTgp1LzRpOUZ6WGtQRmRQdC8ra1o3WnNZZmlCSXdZZktkUmQrMTh3L1RXaUZsNFVQem9QM2FQamlBbUZjUHRwTzhSCjNjWjRoNXBnYmNxdVQrbXhNNVE1Yy9oYVM0MDZBaUtQRTF5QmhSZ3RSdXFrQlVoai9laDhxT0RzK09ZSTZlZWcKaGI5Z0hXNkliUEpJaWVGSDAzTnozMXZKTWpOTDZlK2lzYWVSY2M0a2RHNjkwVHFOWXBCVm5QMDJSaXQ2N1pUZwpQZWtaMGV0Ynd4SHBKSDNXZjBPTXRTY0NBd0VBQWFOV01GUXdEZ1lEVlIwUEFRSC9CQVFEQWdXZ01CTUdBMVVkCkpRUU1NQW9HQ0NzR0FRVUZCd01DTUF3R0ExVWRFd0VCL3dRQ01BQXdId1lEVlIwakJCZ3dGb0FVYyszdlhhR0oKOXR4elBsN0cyNHhDZG5mMkwySXdEUVlKS29aSWh2Y05BUUVMQlFBRGdnSUJBRWFsbGlmWFgvQUlrS3lreHlOYQpjOGdLM0lsVUpJZFhDU2dEK09QN1FJQmVhTEE5RVpnWmErNThHVHVMYm1pU2RwQlc1TEZsZE1ZUHVkdjlVOEorCjBMeG0zR0Nzazh6VGgzUWNjRjZSa29YNFAyQXZ0ZTRGNjJBZVlHeVlkOTI1RzFjTmU5YW84aVE4Y09abjFQM1EKYWJ3YXkzUkZtdHFWZml6LzZVVWFLdUExK1lEN0VFUTloR1lJNHBHQU5OQzRkTDlUb2NrR0drbEd3VExxUzU4eApRL0Z1ZEI4cHh2Rkc1L3F6dzVRQTQyQlFGaEhWZnRMOGZlRTdzaksvVWIwWUtEczdaTWRIeTJDcXNEKzhobTVoCnRyQng3c3dTc1grd0YraERMSnZlOFRGSTVvOC9ZQUcvdmpFc3RiMDNITG5HdXpvK011dkpKUFB1dDlQSnRsSzIKZ2hBWnJqUm5XUVQrMlVlWkRmbkpJZVUvazlmcDdlZFhmdDFOVUc1UTgzWHFhR3VyQ0lkQThkZ2xoNHlVM1hKaApVYU9JVmhtbUZnOFYzT2l5QkdQWU52a0JmRENTZnhkdVZKN1hQY0QrcHRiUlBQRlIybkdzSXRKbW55ckg5MHYzCmdJdHNwaURNRENhVXdIOWN2d3JVM3djSVJPYWdGZ2xQcTBYOVBmandjWVd0dTljUnl0b1NvcWVwSFh3U3N6UGEKVXQ0KytIejArRlBsR25XTjh5M0FDVUVObXhyaHF1anJ2eFluWjFIZ1M2ODcxRzh2REJSaGxrT2tCdUJHR0hHWgpPQ2tWYlFXSHdjNEU4M3lFblowRFk2WFJUNW45bnh0K0Q0UG1VTE9KSUdhcW5GVFF5WW5RczVMSTVZQXJQVk5BCmorbVNJSCt1dUtTNm1vT2pWS2xoeVNDNwotLS0tLUVORCBDRVJUSUZJQ0FURS0tLS0tCg==\n    client-key-data: LS0tLS1CRUdJTiBSU0EgUFJJVkFURSBLRVktLS0tLQpNSUlKSndJQkFBS0NBZ0VBMi9jTlRQSHZmWU5vOURqNkZIZ0tzczJ3eDZMVjRsNUxSQkZPN0E1Qk5ndndqK0FHCnliUnhacnRtckpCM2grZTNXLysxZUpaS3p0WUZyTkFSQkR6NytIY2pOR2FJZDFST2dIajNEK1VvYjVjdm9lRnQKaitTQXFMdHpJaisrRTNHbS9UUzJPRWVDSXRUMjd6YjhwMWo2cVg3SVNwcmdrK3Z3ZUpHSXJQQ29rZk5lK01GdgpZVGZLVE02dUdHSjZ2bmVEa0NpYXVIMnF1dXMyYmxZeTlvME02dDlyWmpReGQwbUlLOHFTQ2w0Si9rWU9oNW1CClVyL0ZqRkQ0dXRYUnhnZmdSRVhRQVNWb3lvMFR0dm54elBISWgrYXZrcU9paDJQTnl3ODlRQVVxWEFOeXB2R0YKeTNZWmlJdjFuRWN0RWNubUdoRHg2WUZxbGhDQ043Yjc3MjlrR0JqdkNJT2VjR1psWWxjU3hMRU1pNmZMV1hEMwprM2M4cXllTllCRk1XNzZBUmFQdnZUY1U4czZYRnQwcTlIVHVMbGpnUDlXUFdObThKa3o4TTlGTHJldVFZSkFHCkE0N2lpS25WZjQ4ak1WUW1qcEZ0UVkzVHZzTkUvYUxXOXZBTnUvNGk5RnpYa1BGZFB0LytrWjdac1lmaUJJd1kKZktkUmQrMTh3L1RXaUZsNFVQem9QM2FQamlBbUZjUHRwTzhSM2NaNGg1cGdiY3F1VCtteE01UTVjL2hhUzQwNgpBaUtQRTF5QmhSZ3RSdXFrQlVoai9laDhxT0RzK09ZSTZlZWdoYjlnSFc2SWJQSklpZUZIMDNOejMxdkpNak5MCjZlK2lzYWVSY2M0a2RHNjkwVHFOWXBCVm5QMDJSaXQ2N1pUZ1Bla1owZXRid3hIcEpIM1dmME9NdFNjQ0F3RUEKQVFLQ0FnQUVZVW9CZ3p2S213aEcvSzkySXVITHA2N2llc3FaaEZrcFZOTG1mbTRyL2xiZTlvNE1EQ3pKNStkbQpma1h6RGRrbjJ0S3BRUXppUzM2M2J6azNoV05iRWp4QU9kNXp5ZGo2VSs1UGdiZXBhVEJJbisySGxQdyszK1N1CkJPanJDRE5VRFcybmR6MFBKb0I0U1BjRStnK2J1bXVRbUw3cUV5T3BzdlF1eFdnRjUvdTNKbHJxYTZyNmxvNysKNjA4WVpkYlgwd2NwcjA3c0ErMEVpM0RlV2ZhczRxQUgyL2cwTU9HbVJaVmM0WHgvZExPclhaSW1yS3pwVzE5bwprUU5wVnhUUEp6aTZIUjJXRXZNV2pLbVU5Q2VURlRQZnpxUlkzOUxrUFR4eC91aFdCcmVNdlhoMWtiZDJjWnNGCmJxRm1Ia2dYc3NpdVpxWlJzS2gzSll5a3V1b2FTME5PcUlMOGlndlprd01JandxRmgzQTRYU2FkWC9Od0hRdGQKZWNqSmQ2MW5FYUw1c2xrb1pZQytRMFBXU1laOFRrRFdGYklDM1BvNlA0VkM3dlYyUk85enNNRkR5WkUzdTM3TAorMjYvTTRadWZmRm43TzNsK1hNSXNSNkdyZmFIQWM2RG1LU0cyMGlVQy9PaTJsa3BLcGxQRUlqbENXaHo3VktJCjVXVTVzNjB0cDQxK1QwQTBWeXpGVDBmWTVPb3V5bS9EZi9QeExIOXYxM0Z6bk5JdFhPdDBZclp0VFBmMW5GRWMKZUpnOXlmU2lmcUtCSEZudGtGb0ZCTEN6SnQ1N3kwSEEvN3JERzBSbEVMRjlOeURwMGlUSXY1Z0lDa2xJVEJERgpkdlRvWHM1YmNNRzh0SFNSeWU1ZHlXZUJPR0xUcU0rWFI0S05KU0NEWHJwRXc3eXlVUUtDQVFFQTNQV2Y4RkQzCjJGdUpyMXdDbXdITGlieWcvdHpweDBwYUZkelhyVFpmZktxOUdrUDFua2VnTkRZRmJJVGE3MitjS2xVL0FVRGYKTm55dHdCYU94YnVZMjVBVEordTNsTnpVYnRURS9xUitKcDRNRUdwMndXU25XNVE5aDVWRkk0REZXS1BMT2hLYQpQZXJQTDNEUW9UVkJqelgxRVg5dHJxcG9NRHFKbEZsUEJlb1Ira0dERGxZdmtEaU9BYTExSnVOV0Y3N1ZPb01kCnFCQVhCSDZFWmVIS2RtTGR2QW1nRnFLRG05MmpaNFFzM0s0K3g0NWRlRU1Gd1lzVVdDSGgrNlJaMU1FUUJzRHQKVXJzUGFvNTdUSm56dENrdWxSTnNyZ2Nhb0ZJcnZWbW9MbVRhTHJKYmNEVDZFR0JsclNPQ3dJT1BCYzBsSmdRbQpMWjZtelBjbG9tWEptUUtDQVFFQS90a09YNVYwYmNwY3RDWkVJWm1sUUFzNmJzWUMxVUZjSi9WN2FoMldLSTNKCkVjMm14Zk1KZjZ3L0pVenVTeFNzVXM1clBweHd6L1RoOFR4REhTUHkyZW5RL3NUYmFLa052Vm5rVGFlVEppYWUKU1ZHdGdQR1Ard0xxMTFicmtxUHJ5cXFoalhZQmh3Y1JPb1cvMFJ2L3oySXJ3Z0xnbmJzQlJGUUpXVFVEeXFkSwpjTjU1a0ZaN2hWQWJxT29JeW9WTFZsYzdqVW4zTHovTWNBY2Z1bkt5Z3kzbmFLcjhXb2xoL2JRQ1Q4OUhodW00CmhiMG4wckcxZ2ZEVHZhQnc5T0pYNkwrUThJNC8zTnJtVnRZQXZFNTBYNE15MGcxbmExUVI5UytzSUdtaFdMblMKN2M2VUlna01YWm9aMGRvanBFcWdjVWJGcWh1bko5Y0wzYXQzRGIwc3Z3S0NBUUEzb1UrblBYdG82WUw4dDNtZwpkUTg5bWxRZVZwZzFLSzhObWhCaTk3R0t2YUhtbnYyVDRBeWhtSWc5RGlYZzZvU3kwOHVORVR3aGg3cG5Ca2JqCjJadGVqQ09HaFg0dTZIcERmU1lyeGxaTWVyWW0yK2NTUWJreEFWMk1hVFNDLzhTdjBHMDJMY0RQbmZLVHl4OTcKdHVET29aTVYyTE5RcW02WTFlUVZpWGF2MG9LOE13by83Y3NEMEhsUVNzK1gvdHlLRmUyeFVabUIycXN3NG5tSwovUkh3Ukd2M0Q2VlNqWS85Q2d3OTM3VTd5bExjQXlmZFEyS0xtK3gvVStpRlpwZUhUU1F2enhyeEhVK0FVR2NTCm5pQVJWOXoyZzNGMVR5eVErSjh5aVFRaXlobDBjRXM5TU5sVWpqQ0xLc21jbG9MSHZ5Si9NOFE0OEJ5bXRnS3YKcEZqaEFvSUJBSCtud21kbXVkZDFFbEs3Q0UyOFpPWmJ1WDFiZW5mUU1aVmloZHQxem8ycDJCb3U1V2NxZ291TgpnR1B5MFRxU3RHOFdMdXBCK3RCd1hlMDB2bm1PVkV1THI4Q3VZeWxkNVNBQU16Z2l4TGJMaVdZNG42eURWQmZzCk1pNkR2NlRJcjRmcFNOdFBUUnlTRWJNNjVBYWUrOWlwMkRscXI1RFM1Nk9PWk5CbW1ldWRPTkNvNEVQSXpqN04KRGMzaXpWeUV3R1FUZGlVajg4bWJMNUMrUU1wb1Fic3I5MHFhdTZXdVE0T044OHAramRtcW9WOThqTUloZWtZSQptRWZZWWp5SVZIaWwzTGhpeU9LY1U5MFRmWExWNmIwZVB3cXc1Q2tEQjZ2Rm9YYnE4b003TWNrbFBWWi9LYzZKCkxuM0x3eWE4cXZtUzlkaHIyYU0vT1Jaa21WSXNmSWtDZ2dFQUkxUHMwdkJiWS92OEw2aEQ3U2ZUSjQ0NEdSTFgKZ3ZwY2dKUXozOUlDY09yVk5EZ0I1YkdZNkF5djZlRmhvTlUrNCtIcWpJYzNkUzFnMVAvSGEzeXZuc0lYZkc5aQpTL3o3NDdiSWE3UkVXcVNvRS8ySGZsNjlQeHBGSVV6bElpaHp6SWZLS0hRMlNtYkJZVlN6TFltcEVhTlRteG1qClV6a2x5TTV6TlByMlplUUNIQ3BvcGdFMGtvcUI4M0IxdWlTczc2NGFaZk9BakFGUXNQdU9vYzlOdjFuSENwUWQKa3FSc2p5Q1BSUEZoMlFKWHdBMWc4WHd1cFJkS01SbXQ4WnJndEN0NEdjTHRUd0ozTXJsc3QrOXIwWldyN2hFOApEdGF5bXNXN3Y4Z2tyOHVSbDhTa2kzY0ZiY0xyNGZwOWhLTjZCOTFpMUtqZFNsS1VkZUdtZEEyVHl3PT0KLS0tLS1FTkQgUlNBIFBSSVZBVEUgS0VZLS0tLS0K\n    token: 5smrrmhqroaxvqm3xd8u2eugkybb0sjquqtpmt3lj238mjx5r7x6sr5rqmt6htizizoj7w9bg633x4jax2mzkityw2n9c2qj1ljcrt8mz4l2t391khrmfw1bh2xf2hrh\n",
            "kubelet_identity": [
              {
                "client_id": "cfc7525d-2520-446e-9e1a-c2e59104e6d4",
                "object_id": "617190f3-8e3e-4435-bb9e-4c2045316638",
                "user_assigned_identity_id": "/subscriptions/537ddd18-9691-4948-8290-ea018512b1da/resourceGroups/MC_rg-aks-security_secure-aks-cluster_centralus/providers/Microsoft.ManagedIdentity/userAssignedIdentities/secure-aks-cluster-agentpool"
              }
            ],
            "kubernetes_version": "1.33",
            "linux_profile": [],
            "local_account_disabled": false,
            "location": "centralus",
            "maintenance_window": [],
            "maintenance_window_auto_upgrade": [],
            "maintenance_window_node_os": [],
            "microsoft_defender": [],
            "monitor_metrics": [],
            "name": "secure-aks-cluster",
            "network_profile": [
              {
                "dns_service_ip": "10.2.0.10",
                "docker_bridge_cidr": "",
                "ebpf_data_plane": "",
                "ip_versions": [
                  "IPv4"
                ],
                "load_balancer_profile": [
                  {
                    "effective_outbound_ips": [
                      "/subscriptions/537ddd18-9691-4948-8290-ea018512b1da/resourceGroups/MC_rg-aks-security_secure-aks-cluster_centralus/providers/Microsoft.Network/publicIPAddresses/7e28bb8b-b20b-4543-92e2-9a18784eb1c4"
                    ],
                    "idle_timeout_in_minutes": 0,
                    "managed_outbound_ip_count": 1,
                    "managed_outbound_ipv6_count": 0,
                    "outbound_ip_address_ids": [],
                    "outbound_ip_prefix_ids": [],
                    "outbound_ports_allocated": 0
                  }
                ],
                "load_balancer_sku": "standard",
                "nat_gateway_profile": [],
                "network_data_plane": "azure",
                "network_mode": "",
                "network_plugin": "azure",
                "network_plugin_mode": "",
                "network_policy": "azure",
                "outbound_ip_address_ids": [],
                "outbound_ip_prefix_ids": [],
                "outbound_type": "loadBalancer",
                "pod_cidr": "",
                "pod_cidrs": [],
                "service_cidr": "10.2.0.0/16",
                "service_cidrs": [
                  "10.2.0.0/16"
                ]
              }
            ],
            "node_os_channel_upgrade": null,
            "node_resource_group": "MC_rg-aks-security_secure-aks-cluster_centralus",
            "node_resource_group_id": "/subscriptions/537ddd18-9691-4948-8290-ea018512b1da/resourceGroups/MC_rg-aks-security_secure-aks-cluster_centralus",
            "oidc_issuer_enabled": false,
            "oidc_issuer_url": "",
            "oms_agent": [
              {
                "log_analytics_workspace_id": "/subscriptions/537ddd18-9691-4948-8290-ea018512b1da/resourceGroups/rg-aks-security/providers/Microsoft.OperationalInsights/workspaces/aks-law",
                "msi_auth_for_monitoring_enabled": false,
                "oms_agent_identity": [
                  {
                    "client_id": "9233f83a-0e9c-4407-baaa-ea87fbf58ef8",
                    "object_id": "7be3c78e-53ca-41fb-91d8-1d644b238f9a",
                    "user_assigned_identity_id": "/subscriptions/537ddd18-9691-4948-8290-ea018512b1da/resourcegroups/MC_rg-aks-security_secure-aks-cluster_centralus/providers/Microsoft.ManagedIdentity/userAssignedIdentities/omsagent-secure-aks-cluster"
                  }
                ]
              }
            ],
            "open_service_mesh_enabled": false,
            "portal_fqdn": "e4ccd3cea61a480f9cc345a5241d3c87-priv.portal.hcp.centralus.azmk8s.io",
            "private_cluster_enabled": true,
            "private_cluster_public_fqdn_enabled": false,
            "private_dns_zone_id": "System",
            "private_fqdn": "secureaks-c6lks1cl.7fee4ed5-0566-4965-a35b-dea2bcb2f016.privatelink.centralus.azmk8s.io",
            "public_network_access_enabled": true,
            "resource_group_name": "rg-aks-security",
            "role_based_access_control_enabled": true,
            "run_command_enabled": true,
            "service_mesh_profile": [],
            "service_principal": [],
            "sku_tier": "Free",
            "storage_profile": [],
            "support_plan": "KubernetesOfficial",
            "tags": null,
            "timeouts": null,
            "web_app_routing": [],
            "windows_profile": [
              {
                "admin_password": "",
                "admin_username": "azureuser",
                "gmsa": [],
                "license": ""
              }
            ],
            "workload_autoscaler_profile": [],
            "workload_identity_enabled": false
          },
          "sensitive_attributes": [
            [
              {
                "type": "get_attr",
                "value": "kube_admin_config"
              }
            ],
            [
              {
                "type": "get_attr",
                "value": "kube_admin_config_raw"
              }
            ],
            [
              {
                "type": "get_attr",
                "value": "kube_config"
              }
            ],
            [
              {
                "type": "get_attr",
                "value": "kube_config_raw"
              }
            ],
            [
              {
                "type": "get_attr",
                "value": "windows_profile"
              },
              {
                "type": "index",
                "value": {
                  "value": 0,
                  "type": "number"
                }
              },
              {
                "type": "get_attr",
                "value": "admin_password"
              }
            ]
          ],
          "identity_schema_version": 0,
          "private": "eyJlMmJmYjczMC1lY2FhLTExZTYtOGY4OC0zNDM2M2JjN2M0YzAiOnsiY3JlYXRlIjo1NDAwMDAwMDAwMDAwLCJkZWxldGUiOjU0MDAwMDAwMDAwMDAsInJlYWQiOjMwMDAwMDAwMDAwMCwidXBkYXRlIjo1NDAwMDAwMDAwMDAwfSwic2NoZW1hX3ZlcnNpb24iOiIyIn0=",
          "dependencies": [
            "azurerm_log_analytics_workspace.law",
            "azurerm_resource_group.rg",
            "azurerm_subnet.aks_subnet",
            "azurerm_virtual_network.vnet"
          ]
        }
      ]
    },
    {
      "mode": "managed",
      "type": "azurerm_log_analytics_workspace",
      "name": "law",
      "provider": "provider[\"registry.terraform.io/hashicorp/azurerm\"]",
      "instances": [
        {
          "schema_version": 3,
          "attributes": {
            "allow_resource_only_permissions": true,
            "cmk_for_query_forced": false,
            "daily_quota_gb": -1,
            "data_collection_rule_id": "",
            "id": "/subscriptions/537ddd18-9691-4948-8290-ea018512b1da/resourceGroups/rg-aks-security/providers/Microsoft.OperationalInsights/workspaces/aks-law",
            "identity": [],
            "immediate_data_purge_on_30_days_enabled": false,
            "internet_ingestion_enabled": true,
            "internet_query_enabled": true,
            "local_authentication_disabled": false,
            "location": "centralus",
            "name": "aks-law",
            "primary_shared_key": "knXSC/WOVTz7C6OODn7GI22SyA4wrPUCLf8gi/qW88Qwwctn1Rq2kvPyMUXjUzibMFb5P8gQ+vomyKdORm0Tug==",
            "reservation_capacity_in_gb_per_day": null,
            "resource_group_name": "rg-aks-security",
            "retention_in_days": 30,
            "secondary_shared_key": "U6Obyu3wmHYHlUu1ln6Qh3vHlUMJrjFTFaPODMGuAt+i5AKBsWOvuwF2diILLIPMaJFdps8yjkYV42N2t/j7dg==",
            "sku": "PerGB2018",
            "tags": {},
            "timeouts": null,
            "workspace_id": "a43de19d-c1f8-42d8-9a41-103b71992166"
          },
          "sensitive_attributes": [
            [
              {
                "type": "get_attr",
                "value": "primary_shared_key"
              }
            ],
            [
              {
                "type": "get_attr",
                "value": "secondary_shared_key"
              }
            ]
          ],
          "identity_schema_version": 0,
          "private": "eyJlMmJmYjczMC1lY2FhLTExZTYtOGY4OC0zNDM2M2JjN2M0YzAiOnsiY3JlYXRlIjoxODAwMDAwMDAwMDAwLCJkZWxldGUiOjE4MDAwMDAwMDAwMDAsInJlYWQiOjMwMDAwMDAwMDAwMCwidXBkYXRlIjoxODAwMDAwMDAwMDAwfSwic2NoZW1hX3ZlcnNpb24iOiIzIn0=",
          "dependencies": [
            "azurerm_resource_group.rg"
          ]
        }
      ]
    },
    {
      "mode": "managed",
      "type": "azurerm_monitor_diagnostic_setting",
      "name": "aks_diag",
      "provider": "provider[\"registry.terraform.io/hashicorp/azurerm\"]",
      "instances": [
        {
          "schema_version": 0,
          "attributes": {
            "enabled_log": [
              {
                "category": "kube-audit",
                "category_group": "",
                "retention_policy": []
              },
              {
                "category": "kube-audit-admin",
                "category_group": "",
                "retention_policy": []
              }
            ],
            "eventhub_authorization_rule_id": "",
            "eventhub_name": "",
            "id": "/subscriptions/537ddd18-9691-4948-8290-ea018512b1da/resourceGroups/rg-aks-security/providers/Microsoft.ContainerService/managedClusters/secure-aks-cluster|aks-audit-logs",
            "log": [
              {
                "category": "cloud-controller-manager",
                "category_group": "",
                "enabled": false,
                "retention_policy": [
                  {
                    "days": 0,
                    "enabled": false
                  }
                ]
              },
              {
                "category": "cluster-autoscaler",
                "category_group": "",
                "enabled": false,
                "retention_policy": [
                  {
                    "days": 0,
                    "enabled": false
                  }
                ]
              },
              {
                "category": "csi-azuredisk-controller",
                "category_group": "",
                "enabled": false,
                "retention_policy": [
                  {
                    "days": 0,
                    "enabled": false
                  }
                ]
              },
              {
                "category": "csi-azurefile-controller",
                "category_group": "",
                "enabled": false,
                "retention_policy": [
                  {
                    "days": 0,
                    "enabled": false
                  }
                ]
              },
              {
                "category": "csi-snapshot-controller",
                "category_group": "",
                "enabled": false,
                "retention_policy": [
                  {
                    "days": 0,
                    "enabled": false
                  }
                ]
              },
              {
                "category": "fleet-mcs-controller-manager",
                "category_group": "",
                "enabled": false,
                "retention_policy": [
                  {
                    "days": 0,
                    "enabled": false
                  }
                ]
              },
              {
                "category": "fleet-member-agent",
                "category_group": "",
                "enabled": false,
                "retention_policy": [
                  {
                    "days": 0,
                    "enabled": false
                  }
                ]
              },
              {
                "category": "fleet-member-net-controller-manager",
                "category_group": "",
                "enabled": false,
                "retention_policy": [
                  {
                    "days": 0,
                    "enabled": false
                  }
                ]
              },
              {
                "category": "guard",
                "category_group": "",
                "enabled": false,
                "retention_policy": [
                  {
                    "days": 0,
                    "enabled": false
                  }
                ]
              },
              {
                "category": "karpenter-events",
                "category_group": "",
                "enabled": false,
                "retention_policy": [
                  {
                    "days": 0,
                    "enabled": false
                  }
                ]
              },
              {
                "category": "kube-apiserver",
                "category_group": "",
                "enabled": false,
                "retention_policy": [
                  {
                    "days": 0,
                    "enabled": false
                  }
                ]
              },
              {
                "category": "kube-audit",
                "category_group": "",
                "enabled": true,
                "retention_policy": [
                  {
                    "days": 0,
                    "enabled": false
                  }
                ]
              },
              {
                "category": "kube-audit-admin",
                "category_group": "",
                "enabled": true,
                "retention_policy": [
                  {
                    "days": 0,
                    "enabled": false
                  }
                ]
              },
              {
                "category": "kube-controller-manager",
                "category_group": "",
                "enabled": false,
                "retention_policy": [
                  {
                    "days": 0,
                    "enabled": false
                  }
                ]
              },
              {
                "category": "kube-scheduler",
                "category_group": "",
                "enabled": false,
                "retention_policy": [
                  {
                    "days": 0,
                    "enabled": false
                  }
                ]
              }
            ],
            "log_analytics_destination_type": "AzureDiagnostics",
            "log_analytics_workspace_id": "/subscriptions/537ddd18-9691-4948-8290-ea018512b1da/resourceGroups/rg-aks-security/providers/Microsoft.OperationalInsights/workspaces/aks-law",
            "metric": [],
            "name": "aks-audit-logs",
            "partner_solution_id": null,
            "storage_account_id": null,
            "target_resource_id": "/subscriptions/537ddd18-9691-4948-8290-ea018512b1da/resourceGroups/rg-aks-security/providers/Microsoft.ContainerService/managedClusters/secure-aks-cluster",
            "timeouts": null
          },
          "sensitive_attributes": [],
          "identity_schema_version": 0,
          "private": "eyJlMmJmYjczMC1lY2FhLTExZTYtOGY4OC0zNDM2M2JjN2M0YzAiOnsiY3JlYXRlIjoxODAwMDAwMDAwMDAwLCJkZWxldGUiOjM2MDAwMDAwMDAwMDAsInJlYWQiOjMwMDAwMDAwMDAwMCwidXBkYXRlIjoxODAwMDAwMDAwMDAwfX0=",
          "dependencies": [
            "azurerm_kubernetes_cluster.aks",
            "azurerm_log_analytics_workspace.law",
            "azurerm_resource_group.rg",
            "azurerm_subnet.aks_subnet",
            "azurerm_virtual_network.vnet"
          ]
        }
      ]
    },
    {
      "mode": "managed",
      "type": "azurerm_resource_group",
      "name": "rg",
      "provider": "provider[\"registry.terraform.io/hashicorp/azurerm\"]",
      "instances": [
        {
          "schema_version": 0,
          "attributes": {
            "id": "/subscriptions/537ddd18-9691-4948-8290-ea018512b1da/resourceGroups/rg-aks-security",
            "location": "centralus",
            "managed_by": "",
            "name": "rg-aks-security",
            "tags": {},
            "timeouts": null
          },
          "sensitive_attributes": [],
          "identity_schema_version": 0,
          "private": "eyJlMmJmYjczMC1lY2FhLTExZTYtOGY4OC0zNDM2M2JjN2M0YzAiOnsiY3JlYXRlIjo1NDAwMDAwMDAwMDAwLCJkZWxldGUiOjU0MDAwMDAwMDAwMDAsInJlYWQiOjMwMDAwMDAwMDAwMCwidXBkYXRlIjo1NDAwMDAwMDAwMDAwfX0="
        }
      ]
    },
    {
      "mode": "managed",
      "type": "azurerm_security_center_subscription_pricing",
      "name": "defender_acr",
      "provider": "provider[\"registry.terraform.io/hashicorp/azurerm\"]",
      "instances": [
        {
          "schema_version": 1,
          "attributes": {
            "extension": [],
            "id": "/subscriptions/537ddd18-9691-4948-8290-ea018512b1da/providers/Microsoft.Security/pricings/ContainerRegistry",
            "resource_type": "ContainerRegistry",
            "subplan": "",
            "tier": "Standard",
            "timeouts": null
          },
          "sensitive_attributes": [],
          "identity_schema_version": 0,
          "private": "eyJlMmJmYjczMC1lY2FhLTExZTYtOGY4OC0zNDM2M2JjN2M0YzAiOnsiY3JlYXRlIjozNjAwMDAwMDAwMDAwLCJkZWxldGUiOjM2MDAwMDAwMDAwMDAsInJlYWQiOjMwMDAwMDAwMDAwMCwidXBkYXRlIjozNjAwMDAwMDAwMDAwfSwic2NoZW1hX3ZlcnNpb24iOiIxIn0="
        }
      ]
    },
    {
      "mode": "managed",
      "type": "azurerm_security_center_subscription_pricing",
      "name": "defender_k8s",
      "provider": "provider[\"registry.terraform.io/hashicorp/azurerm\"]",
      "instances": [
        {
          "schema_version": 1,
          "attributes": {
            "extension": [],
            "id": "/subscriptions/537ddd18-9691-4948-8290-ea018512b1da/providers/Microsoft.Security/pricings/KubernetesService",
            "resource_type": "KubernetesService",
            "subplan": "",
            "tier": "Standard",
            "timeouts": null
          },
          "sensitive_attributes": [],
          "identity_schema_version": 0,
          "private": "eyJlMmJmYjczMC1lY2FhLTExZTYtOGY4OC0zNDM2M2JjN2M0YzAiOnsiY3JlYXRlIjozNjAwMDAwMDAwMDAwLCJkZWxldGUiOjM2MDAwMDAwMDAwMDAsInJlYWQiOjMwMDAwMDAwMDAwMCwidXBkYXRlIjozNjAwMDAwMDAwMDAwfSwic2NoZW1hX3ZlcnNpb24iOiIxIn0="
        }
      ]
    },
    {
      "mode": "managed",
      "type": "azurerm_subnet",
      "name": "aks_subnet",
      "provider": "provider[\"registry.terraform.io/hashicorp/azurerm\"]",
      "instances": [
        {
          "schema_version": 0,
          "attributes": {
            "address_prefixes": [
              "10.0.1.0/24"
            ],
            "default_outbound_access_enabled": true,
            "delegation": [],
            "enforce_private_link_endpoint_network_policies": false,
            "enforce_private_link_service_network_policies": false,
            "id": "/subscriptions/537ddd18-9691-4948-8290-ea018512b1da/resourceGroups/rg-aks-security/providers/Microsoft.Network/virtualNetworks/aks-secure-vnet/subnets/aks-subnet",
            "name": "aks-subnet",
            "private_endpoint_network_policies": "Enabled",
            "private_endpoint_network_policies_enabled": true,
            "private_link_service_network_policies_enabled": true,
            "resource_group_name": "rg-aks-security",
            "service_endpoint_policy_ids": [],
            "service_endpoints": [],
            "timeouts": null,
            "virtual_network_name": "aks-secure-vnet"
          },
          "sensitive_attributes": [],
          "identity_schema_version": 0,
          "private": "eyJlMmJmYjczMC1lY2FhLTExZTYtOGY4OC0zNDM2M2JjN2M0YzAiOnsiY3JlYXRlIjoxODAwMDAwMDAwMDAwLCJkZWxldGUiOjE4MDAwMDAwMDAwMDAsInJlYWQiOjMwMDAwMDAwMDAwMCwidXBkYXRlIjoxODAwMDAwMDAwMDAwfX0=",
          "dependencies": [
            "azurerm_resource_group.rg",
            "azurerm_virtual_network.vnet"
          ]
        }
      ]
    },
    {
      "mode": "managed",
      "type": "azurerm_subscription_policy_assignment",
      "name": "aks_pss",
      "provider": "provider[\"registry.terraform.io/hashicorp/azurerm\"]",
      "instances": [
        {
          "schema_version": 0,
          "attributes": {
            "description": "",
            "display_name": "",
            "enforce": true,
            "id": "/subscriptions/537ddd18-9691-4948-8290-ea018512b1da/providers/Microsoft.Authorization/policyAssignments/aks-baseline-pss",
            "identity": [],
            "location": "",
            "metadata": "{\"createdBy\":\"e38935c4-24c1-45f9-83c2-e498005b0941\",\"createdOn\":\"2026-03-05T12:10:03.1702086Z\",\"updatedBy\":null,\"updatedOn\":null}",
            "name": "aks-baseline-pss",
            "non_compliance_message": [],
            "not_scopes": [],
            "overrides": [],
            "parameters": "",
            "policy_definition_id": "/providers/Microsoft.Authorization/policyDefinitions/95edb821-ddaf-4404-9732-666045e056b4",
            "resource_selectors": [],
            "subscription_id": "/subscriptions/537ddd18-9691-4948-8290-ea018512b1da",
            "timeouts": null
          },
          "sensitive_attributes": [],
          "identity_schema_version": 0,
          "private": "eyJlMmJmYjczMC1lY2FhLTExZTYtOGY4OC0zNDM2M2JjN2M0YzAiOnsiY3JlYXRlIjoxODAwMDAwMDAwMDAwLCJkZWxldGUiOjE4MDAwMDAwMDAwMDAsInJlYWQiOjMwMDAwMDAwMDAwMCwidXBkYXRlIjoxODAwMDAwMDAwMDAwfX0=",
          "dependencies": [
            "data.azurerm_subscription.current"
          ]
        }
      ]
    },
    {
      "mode": "managed",
      "type": "azurerm_virtual_network",
      "name": "vnet",
      "provider": "provider[\"registry.terraform.io/hashicorp/azurerm\"]",
      "instances": [
        {
          "schema_version": 0,
          "attributes": {
            "address_space": [
              "10.0.0.0/16"
            ],
            "bgp_community": "",
            "ddos_protection_plan": [],
            "dns_servers": [],
            "edge_zone": "",
            "encryption": [],
            "flow_timeout_in_minutes": 0,
            "guid": "655f7ed4-9d8b-42d9-b20b-4deac5ac66fb",
            "id": "/subscriptions/537ddd18-9691-4948-8290-ea018512b1da/resourceGroups/rg-aks-security/providers/Microsoft.Network/virtualNetworks/aks-secure-vnet",
            "location": "centralus",
            "name": "aks-secure-vnet",
            "resource_group_name": "rg-aks-security",
            "subnet": [
              {
                "address_prefix": "10.0.1.0/24",
                "id": "/subscriptions/537ddd18-9691-4948-8290-ea018512b1da/resourceGroups/rg-aks-security/providers/Microsoft.Network/virtualNetworks/aks-secure-vnet/subnets/aks-subnet",
                "name": "aks-subnet",
                "security_group": ""
              }
            ],
            "tags": {},
            "timeouts": null
          },
          "sensitive_attributes": [],
          "identity_schema_version": 0,
          "private": "eyJlMmJmYjczMC1lY2FhLTExZTYtOGY4OC0zNDM2M2JjN2M0YzAiOnsiY3JlYXRlIjoxODAwMDAwMDAwMDAwLCJkZWxldGUiOjE4MDAwMDAwMDAwMDAsInJlYWQiOjMwMDAwMDAwMDAwMCwidXBkYXRlIjoxODAwMDAwMDAwMDAwfX0=",
          "dependencies": [
            "azurerm_resource_group.rg"
          ]
        }
      ]
    },
    {
      "mode": "managed",
      "type": "random_string",
      "name": "suffix",
      "provider": "provider[\"registry.terraform.io/hashicorp/random\"]",
      "instances": [
        {
          "schema_version": 2,
          "attributes": {
            "id": "YFAUX",
            "keepers": null,
            "length": 5,
            "lower": true,
            "min_lower": 0,
            "min_numeric": 0,
            "min_special": 0,
            "min_upper": 0,
            "number": true,
            "numeric": true,
            "override_special": null,
            "result": "YFAUX",
            "special": false,
            "upper": true
          },
          "sensitive_attributes": [],
          "identity_schema_version": 0
        }
      ]
    }
  ],
  "check_results": null
}
