{
  "version": 4,
  "terraform_version": "1.14.6",
  "serial": 67,
  "lineage": "3c10af92-a362-6218-f102-8c1185a2357c",
  "outputs": {
    "aks_name": {
      "value": "secure-aks-cluster",
      "type": "string"
    },
    "keyvault_name": {
      "value": "securekvYFAUX",
      "type": "string"
    }
  },
  "resources": [
    {
      "mode": "data",
      "type": "azurerm_client_config",
      "name": "current",
      "provider": "provider[\"registry.terraform.io/hashicorp/azurerm\"]",
      "instances": [
        {
          "schema_version": 0,
          "attributes": {
            "client_id": "04b07795-8ddb-461a-bbee-02f9e1bf7b46",
            "id": "Y2xpZW50Q29uZmlncy9jbGllbnRJZD0wNGIwNzc5NS04ZGRiLTQ2MWEtYmJlZS0wMmY5ZTFiZjdiNDY7b2JqZWN0SWQ9ZTM4OTM1YzQtMjRjMS00NWY5LTgzYzItZTQ5ODAwNWIwOTQxO3N1YnNjcmlwdGlvbklkPTUzN2RkZDE4LTk2OTEtNDk0OC04MjkwLWVhMDE4NTEyYjFkYTt0ZW5hbnRJZD02ZDRiYThiNi04ZjZmLTQ1YmMtOGUwNS0zMjUyZmM0OTI1NzY=",
            "object_id": "e38935c4-24c1-45f9-83c2-e498005b0941",
            "subscription_id": "537ddd18-9691-4948-8290-ea018512b1da",
            "tenant_id": "6d4ba8b6-8f6f-45bc-8e05-3252fc492576",
            "timeouts": null
          },
          "sensitive_attributes": [],
          "identity_schema_version": 0
        }
      ]
    },
    {
      "mode": "data",
      "type": "azurerm_subscription",
      "name": "current",
      "provider": "provider[\"registry.terraform.io/hashicorp/azurerm\"]",
      "instances": [
        {
          "schema_version": 0,
          "attributes": {
            "display_name": "Azure subscription 1",
            "id": "/subscriptions/537ddd18-9691-4948-8290-ea018512b1da",
            "location_placement_id": "Public_2014-09-01",
            "quota_id": "FreeTrial_2014-09-01",
            "spending_limit": "On",
            "state": "Enabled",
            "subscription_id": "537ddd18-9691-4948-8290-ea018512b1da",
            "tags": {},
            "tenant_id": "6d4ba8b6-8f6f-45bc-8e05-3252fc492576",
            "timeouts": null
          },
          "sensitive_attributes": [],
          "identity_schema_version": 0
        }
      ]
    },
    {
      "mode": "managed",
      "type": "azurerm_key_vault",
      "name": "kv",
      "provider": "provider[\"registry.terraform.io/hashicorp/azurerm\"]",
      "instances": [
        {
          "schema_version": 2,
          "attributes": {
            "access_policy": [],
            "contact": [],
            "enable_rbac_authorization": false,
            "enabled_for_deployment": false,
            "enabled_for_disk_encryption": false,
            "enabled_for_template_deployment": false,
            "id": "/subscriptions/537ddd18-9691-4948-8290-ea018512b1da/resourceGroups/rg-aks-security/providers/Microsoft.KeyVault/vaults/securekvYFAUX",
            "location": "centralus",
            "name": "securekvYFAUX",
            "network_acls": [
              {
                "bypass": "AzureServices",
                "default_action": "Allow",
                "ip_rules": [],
                "virtual_network_subnet_ids": []
              }
            ],
            "public_network_access_enabled": true,
            "purge_protection_enabled": true,
            "resource_group_name": "rg-aks-security",
            "sku_name": "standard",
            "soft_delete_retention_days": 90,
            "tags": {},
            "tenant_id": "6d4ba8b6-8f6f-45bc-8e05-3252fc492576",
            "timeouts": null,
            "vault_uri": "https://securekvyfaux.vault.azure.net/"
          },
          "sensitive_attributes": [],
          "identity_schema_version": 0,
          "private": "eyJlMmJmYjczMC1lY2FhLTExZTYtOGY4OC0zNDM2M2JjN2M0YzAiOnsiY3JlYXRlIjoxODAwMDAwMDAwMDAwLCJkZWxldGUiOjE4MDAwMDAwMDAwMDAsInJlYWQiOjMwMDAwMDAwMDAwMCwidXBkYXRlIjoxODAwMDAwMDAwMDAwfSwic2NoZW1hX3ZlcnNpb24iOiIyIn0=",
          "dependencies": [
            "azurerm_resource_group.rg",
            "data.azurerm_client_config.current",
            "random_string.suffix"
          ]
        }
      ]
    },
    {
      "mode": "managed",
      "type": "azurerm_kubernetes_cluster",
      "name": "aks",
      "provider": "provider[\"registry.terraform.io/hashicorp/azurerm\"]",
      "instances": [
        {
          "schema_version": 2,
          "attributes": {
            "aci_connector_linux": [],
            "api_server_access_profile": [],
            "api_server_authorized_ip_ranges": [],
            "auto_scaler_profile": [],
            "automatic_channel_upgrade": "",
            "azure_active_directory_role_based_access_control": [],
            "azure_policy_enabled": true,
            "confidential_computing": [],
            "cost_analysis_enabled": false,
            "current_kubernetes_version": "1.33.6",
            "custom_ca_trust_certificates_base64": null,
            "default_node_pool": [
              {
                "capacity_reservation_group_id": "",
                "custom_ca_trust_enabled": false,
                "enable_auto_scaling": false,
                "enable_host_encryption": false,
                "enable_node_public_ip": false,
                "fips_enabled": false,
                "gpu_instance": "",
                "host_group_id": "",
                "kubelet_config": [],
                "kubelet_disk_type": "OS",
                "linux_os_config": [],
                "max_count": 0,
                "max_pods": 30,
                "message_of_the_day": "",
                "min_count": 0,
                "name": "system",
                "node_count": 1,
                "node_labels": {},
                "node_network_profile": [],
                "node_public_ip_prefix_id": "",
                "node_taints": null,
                "only_critical_addons_enabled": false,
                "orchestrator_version": "1.33",
                "os_disk_size_gb": 128,
                "os_disk_type": "Managed",
                "os_sku": "Ubuntu",
                "pod_subnet_id": "",
                "proximity_placement_group_id": "",
                "scale_down_mode": "Delete",
                "snapshot_id": "",
                "tags": null,
                "temporary_name_for_rotation": "",
                "type": "VirtualMachineScaleSets",
                "ultra_ssd_enabled": false,
                "upgrade_settings": [
                  {
                    "drain_timeout_in_minutes": 0,
                    "max_surge": "10%",
                    "node_soak_duration_in_minutes": 0
                  }
                ],
                "vm_size": "standard_dc2s_v3",
                "vnet_subnet_id": "/subscriptions/537ddd18-9691-4948-8290-ea018512b1da/resourceGroups/rg-aks-security/providers/Microsoft.Network/virtualNetworks/aks-secure-vnet/subnets/aks-subnet",
                "workload_runtime": "",
                "zones": null
              }
            ],
            "disk_encryption_set_id": "",
            "dns_prefix": "secureaks",
            "dns_prefix_private_cluster": "",
            "edge_zone": "",
            "enable_pod_security_policy": false,
            "fqdn": "secureaks-bbcg6qdz.hcp.centralus.azmk8s.io",
            "http_application_routing_enabled": false,
            "http_application_routing_zone_name": "",
            "http_proxy_config": [],
            "id": "/subscriptions/537ddd18-9691-4948-8290-ea018512b1da/resourceGroups/rg-aks-security/providers/Microsoft.ContainerService/managedClusters/secure-aks-cluster",
            "identity": [
              {
                "identity_ids": null,
                "principal_id": "13a8a3c7-71c6-4936-9226-f2780f360a2b",
                "tenant_id": "6d4ba8b6-8f6f-45bc-8e05-3252fc492576",
                "type": "SystemAssigned"
              }
            ],
            "image_cleaner_enabled": false,
            "image_cleaner_interval_hours": 48,
            "ingress_application_gateway": [],
            "key_management_service": [],
            "key_vault_secrets_provider": [],
            "kube_admin_config": [],
            "kube_admin_config_raw": "",
            "kube_config": [
              {
                "client_certificate": "LS0tLS1CRUdJTiBDRVJUSUZJQ0FURS0tLS0tCk1JSUZIakNDQXdhZ0F3SUJBZ0lSQU9sV1BERFE0L2JRWnhKWE1mTWQwaDB3RFFZSktvWklodmNOQVFFTEJRQXcKRFRFTE1Ba0dBMVVFQXhNQ1kyRXdIaGNOTWpZd016QTFNVEl5T1RRM1doY05Namd3TXpBMU1USXpPVFEzV2pBdwpNUmN3RlFZRFZRUUtFdzV6ZVhOMFpXMDZiV0Z6ZEdWeWN6RVZNQk1HQTFVRUF4TU1iV0Z6ZEdWeVkyeHBaVzUwCk1JSUNJakFOQmdrcWhraUc5dzBCQVFFRkFBT0NBZzhBTUlJQ0NnS0NBZ0VBckl1M2NhTjRWbXB6aWRUZTFoT24KSVpTb2FOblROUFIzZUFaOGo3aEFlTlFNRFBaK0JWVStqanJmQVdnd0o5d29BUFp0eVRmNUp5RzlIOUs4UDlodQozcU1WRXIzeTE1ZGhLMCt4T2swVDhaeU9TNUg2Z2JRQkZleFphRTdUbUIvRkE0bkNmdzVGWXd4aytxZ2pxbHBhClprU3g0cTNrbFFCRGMvYVFNeXNjT3oycjdrZGQrdXJMMldmTWgvdHY4TjBqellqTGZtclo0TXNOeW0rUEhhZWIKakJ1S3N1S1NVaU5RR08wV0pYbm1yQXpacjBtTGVWQXhzditJNkNUWTlXaVBWck5oSEF3U2l4TGZrTlpUcnc5bQp0SmQ3ZHZ1WXZseVNZU3BrSjNWQ3p4VEpndEE1WldlaHdHcVl6V1ByWUdINzJTZzNkcnJOK1lzSkRYL2N5dHVSCktER040dElPU3h0UTk2cXlrZFhQRi9CcWhrUHZBVmQ1cVIwMFB2dmZpaG5wcUYwTGE4OFRnK2N6eEF5cGdQRzUKZDJLVm9MbFJoZ3Qwd3NVR0tlbmFmZHdlS3ZjZVptREo0d3phMkw2KzRLZTJOd0s4T1AxNTRuallKOFVSU2JxcQpXaE0rR1FnZ0t2ZDAzMWFLeWl6M21uU09LeEVrQW5YMzU5a2h3NFlnYnNzSkpLR01hSDV4Um8xK0xXWThkb1F4ClQ5YXhRNjREWkNBSXpTSmxwZVNBTHJUOTVXZGxpL1B0OUZwdzZwYWhmdWhqbytnNzVGMnpDZCtoZnpadCtIR1QKK1JyVEdSbkQ0eDRYVzI2THhOL3o3TzVjejdZQTdtTGVHT3NXRngvOWZvVzBDcEdoVTNqZlpjYTVpNkVjMzBWNQptZWVudmxpaXRYOW9tNTVHbWdGZEJ1VUNBd0VBQWFOV01GUXdEZ1lEVlIwUEFRSC9CQVFEQWdXZ01CTUdBMVVkCkpRUU1NQW9HQ0NzR0FRVUZCd01DTUF3R0ExVWRFd0VCL3dRQ01BQXdId1lEVlIwakJCZ3dGb0FVRlpWS1F2bVYKK05FYW1zNDlCdGJqVk9EdWlqRXdEUVlKS29aSWh2Y05BUUVMQlFBRGdnSUJBTDBrZmNaWXhnbVlCTUQ5UDdlaApSV2hEMjFEUms2WlRxUVFYVFkzMlJ0bGVHdVp1YUw5b3hCLzJpWG82UkRzelV1MS9Pd2NqSytVbE5mVXJjbVd6CkUrMlhCaEdHK2xNbmJocmNqL3YrTnRScjNZczFENkp6MWVwcU93elJPWm1QY0RpaFBjK0U3NWk3Z3UycDl6Ry8KeFFldHkyWlN4dWJCQnNmbXNPZ2hCbTQ4amlJTEh1Q1Q1eUQ2TlFReGZlcU16djNoT1A2THRhSXNPTy9DV2dtWApFdjdCS1BkMXdGSFgxUFlYMmZXcWlyQWpjTlRCK3BuSXNEL0hBeTVSRytFNlJzR2lCdnZCcWZGNjViM0FabG92CjdnbXVyWU1EVGVZWDdXSVRmR0prbWVoVFBWdHVHaXpoOHhOc2VYWW5vTitXYm5WQW03ZDAwRit6RjBna09ZMWEKUkZtUUREZlcwTDJVbFR1M25ZTVJzU01rQXMwVTFYYy9jMDRhNGZ3TlcrVEN5YkMvNUhIWFk4UElZVHlVb2swawpqZDFHK2RBRFZHMFNnaWx4VXNrYTVjMG4zYnZlREtDU0V2a21POWg0YjhjVTBaL0tZNC9ZN0I3U2t4NHNYU0RHCnhiY1dmbEZkemIvd3d4ZUVrZmNpTnRsbjdkVm9rL1gxaDMzOUhsWDVvdCtOV2hDZVZnYi9Ed0RFNzZVRmRlc2cKd3M5bzQ0aDdWVUlpRE9KZFY2NTlFV09abWphZFRyT2VCMWJJWWg3SXFUUnNlV0liR3Q5aG9odzNVeUFzRCsydwoxdEl0VUxwb0M3M3NQaGFOb2JJMHZreEYxRGpHMW9DVnMwZ0NDbTEzSEd4blU1eS80Q3dCQVd1SkJlSjFjc1lOCmVNTHZVbFIrZmtwSXNGMzFkT2xpUzQ4NwotLS0tLUVORCBDRVJUSUZJQ0FURS0tLS0tCg==",
                "client_key": "LS0tLS1CRUdJTiBSU0EgUFJJVkFURSBLRVktLS0tLQpNSUlKS2dJQkFBS0NBZ0VBckl1M2NhTjRWbXB6aWRUZTFoT25JWlNvYU5uVE5QUjNlQVo4ajdoQWVOUU1EUForCkJWVStqanJmQVdnd0o5d29BUFp0eVRmNUp5RzlIOUs4UDlodTNxTVZFcjN5MTVkaEswK3hPazBUOFp5T1M1SDYKZ2JRQkZleFphRTdUbUIvRkE0bkNmdzVGWXd4aytxZ2pxbHBhWmtTeDRxM2tsUUJEYy9hUU15c2NPejJyN2tkZAordXJMMldmTWgvdHY4TjBqellqTGZtclo0TXNOeW0rUEhhZWJqQnVLc3VLU1VpTlFHTzBXSlhubXJBelpyMG1MCmVWQXhzditJNkNUWTlXaVBWck5oSEF3U2l4TGZrTlpUcnc5bXRKZDdkdnVZdmx5U1lTcGtKM1ZDenhUSmd0QTUKWldlaHdHcVl6V1ByWUdINzJTZzNkcnJOK1lzSkRYL2N5dHVSS0RHTjR0SU9TeHRROTZxeWtkWFBGL0JxaGtQdgpBVmQ1cVIwMFB2dmZpaG5wcUYwTGE4OFRnK2N6eEF5cGdQRzVkMktWb0xsUmhndDB3c1VHS2VuYWZkd2VLdmNlClptREo0d3phMkw2KzRLZTJOd0s4T1AxNTRuallKOFVSU2JxcVdoTStHUWdnS3ZkMDMxYUt5aXozbW5TT0t4RWsKQW5YMzU5a2h3NFlnYnNzSkpLR01hSDV4Um8xK0xXWThkb1F4VDlheFE2NERaQ0FJelNKbHBlU0FMclQ5NVdkbAppL1B0OUZwdzZwYWhmdWhqbytnNzVGMnpDZCtoZnpadCtIR1QrUnJUR1JuRDR4NFhXMjZMeE4vejdPNWN6N1lBCjdtTGVHT3NXRngvOWZvVzBDcEdoVTNqZlpjYTVpNkVjMzBWNW1lZW52bGlpdFg5b201NUdtZ0ZkQnVVQ0F3RUEKQVFLQ0FnQW9OcC9ZWWtybmlRUEllYzQ5Z25NUFJvQkJmNUxUNHEzOVVUV3lvVFNWZElZaWQwaERvZXhrWmFBWAp5ZHAvVDdZYkUxUGU4NmFqMGg4cnpZZUdNY0VWTGxqNDkwQWpzdW80bCtnc09FNlBudmNpOGJDNmplTTY0c3lyCm5NTi96dGV4eldlQkNTaHV2ekxCb0hJL2Y3TlY1bWkyOWVReVBjOTZ0VnBDTXFmdnZwM1ZlTmlVWkNpQ1VNakEKWUg5a1dZWEFuME1lQVhVcUNPajc1eWdwdHlodmJQUFVZUzNNNnVIK0RUTitKSHo0V0Q1YnRmNUZsY1VmZktMQgp4K1N3dlYrNnl5KzB3N09HcWkxa3FpN3l1OW9wK0t3VHZPdUtZalRUWkhmWEltTWh0Q3lLeWxDMks0THRQMnJCClk2bzEybUJCNmplUytsS0srRFp4NlB6aVltM2YyRVE1TmFLSnlGcWJkcVV5SGJ1L1lWV2xxaGpvbXZNUDVwQ3MKZHNZRmI4cGE4R2pKRnpKcnMvQnhlYWRyeU5zY1RDQkZaL1pvdTZ6RjZlblBzd3luUXhubCtwY3paakJ5dURzZQpxTTAvYUFqbU16WVNXT295QStzMFZVQmZsRTVFTnhDbExRYUh4Zzh1b2Y0Z3VnREdDRk9OYVd1clRpbW5jZ1R1CjBIbTJoTEVwT0Z5Njh3R3ZTOSsxdkJLWURvQ0s2Z1dRQ0tsaktxUGd1Rno5VXQ0UFdFeFowK1RHTlNFZzJ4VEIKSE5xY0NyNXl1d1RXM0wvbWhCUVpqYUxjNEFIRENZOW1nc1dlTVRzaTMrWi9acEpqMUtNNjRGTGhNYk5qanJHMApkbVNmbEZ2TGRxT1lFZFo3eUdTZDc4TDNRRjZMK2dpalp6RklILytHamgrWW1uL0IrUUtDQVFFQTBCSG92WEE4Ck5idWNJNUxQRTRZWlp0RXFFTGdqLzNTV3FFT0lzR0doYUpXZkVpaXR3T3JHeW5ZWGlEZlA5dTZpOUs5MTB1RkkKSThHeWh2ci9uNWNzbnJUc21BajAxWlpqaEE5cTcyaGVLWlNZdzkzd1VKS0N6dUpUc3FHbFo5TEpHNWRudS80TQp4T2dZNjFDTWFpREJQd0tXUUJiaU5MZ01XRjRPVCtVWm40T2Q1R0krK1BRT0M5NHBkYlltTzdTTTJrcGRBMFNtCjNlbEMwenpsOTZGYTgySzhkSHJXWm1SMy9melUwQzJERWo3eS9GQXRSWVRncHVWT3JQVDJNN0JDTHpST1FJV04KNERQamlaMjVtbENDalRtN25XOVdra25pNXpmbXVOWTdnTUVCeDUwbk1MS3ZwTkM2VU1RUE1qSnVOTVhCVFlnbApsQjA2V3F1RjJSRkFTd0tDQVFFQTFFcnBNRFdkME1LbHdZR3lTTmM5SXZsWS9IK1g3SmN0QzVMNFZ5NjZraWcrCjRUdHA4NDA0T3BzT2R0SE9OSkZKMVNyMTVrWWd0UFQ1QURPeTF4ekRVT2Fncml4d2FnMHJIZmRDYjE1cXppeWsKZ3h6TzErK0poNTFDL0VSUm5hbmVUOE56Rm9FcmovMlB5eDVPWXFSdXFUTWZyWWpPYnRKcStua1RlNXlHNkkxTgovdThLNjlGME52VDIxaU5iZm92MDJ4TDJweG5hTDd4MmZvZDhQNjE3RGJ6SGlHQ0FGcVl1RmdoSE9hdGhBNFhHCjJtNFVsMm5PcGUrdkhlV1RJM2Jhc3R5ak1Mc3V2dEpXV3hvYU5GaFNYSFczU0tSVzMvU1FGYTRSS09MNjNac3QKd1dyTmJVNkJ5cDB3VGxxanRHSW1PYUIvY1dYKzgrcExOcEJGMVg0M2p3S0NBUUVBa1JDcmI4aGNjaW9IUmxZSQp3ZGZ3eGRwMnRZbHNyNklkbDlyZDVmdHJpWHNubUlWNy90Q3hJRjhOTVErWWt0VDJFQnAwenozNkNkUDJJRjNHCjh3RjNQbjl0cE9JNXNPQlZLYkdHSUx4blNoNHNGQU1jbFZCUW11VDQ3Y1g5aUZGUm5VY0dMKytELzVUQ0t1M1IKdC94MlB2UVN4VVF2R2dwbnNRU0NmZm1BejlIM3QwODRFR0kzbU5hZm1VNFJnZmJ6YlE0RG8wK3Q5M0cyQVlpbgozT3BHZXdJUDJqWDZYUkVYQjZIS3pnbXRKSDkyOGFzRXBUOXJVWEQyVldmRWIyMG45N2xFQllBWDFvVFcwdytBClk3SldFeGg1VWQ1YVFVdjZRckthemF1dmVLa1lFSS9renZNRnVxYzcveXR5WE5FRVBRN1RJcmNWWEJxMG9KcU4KaXpXWDJRS0NBUUVBckNodndMdktWcEJ6VVdDM1R5RFZvSFlyZHVDV09MUkVRRjJZYlVNazVBQWxOZ3d6bU9JTwpGbURHTXc5anRQZVpzM2dhWC9yQTdWNjRTelNodEpiTHdlQzFyMm0wWkJ4M3VkNVpqdTAzbWlsVDVFdkpaZzRJCkx1VVdmSE4rNkdmb05ERWhOTC9kcnZDRzJzYWg5SmE2Y3haVmV5bzFsbU9uZzZZS2FiVC9Kcm5vNVhPL0hJd0kKUGNVY0kzNGE1WjNrSElEZGE1ZW9mQXZPNEQ5SlFHNlVHd2pibXpuK3hkOVFBbWdHTXJ0TGVrclRmekhFR3lJZwpCaXRBalBNdkJwU05PSDE3RGJyT1pzczJZcnpoUVUvYXdzWm5zMDRxY1lYb0R0elJaNkhpcFRJQndoZTFyZzM3CmJXOVp6RUR1L3dxVlN5aGdFWHNRYlllMEpQU00zVngwK3dLQ0FRRUF3cTZOTnhMeGE1UTBLVXYwK0NWQjUwZXgKMGQxTXlTOTVCNDZZWkhQbHBCeXBEeUR2QUdZbHoxQytqdUd3dVFrU0tLUmRUdHNvUDRSM1AybHFFNnpVbVpXagpFSUpvdDNBR2pMWk5GMFhOMHRSZTBvVXRYc0llS1BWMnk4RzhzTzltUEZMaTJlN1AzbmZNbFBMUzhCQ09NdVFyClovcDBZZGtNLzFPR1hyQkFjZVIrclBZMUV5K0hOODVVMjd4STVHTnhQQnl4bDlXUXpDVlBQUDgvai9OOXcyTk4KenVYZEtPUjhrS2k1L2tZODVJN0thdGRzVWxDbUVJbUdscXBTSSs4OXJ4OWpIMUxPTGNqYUpQQlo4ZmhlWjJoTgpaRVJCWE5QbEdXQnBnN2RRYmlFSmpuTk00eVlUeStUeC9sYWZFWm9OeVJwY09RaWt0ZnB2WnNLR2VDT09KUT09Ci0tLS0tRU5EIFJTQSBQUklWQVRFIEtFWS0tLS0tCg==",
                "cluster_ca_certificate": "LS0tLS1CRUdJTiBDRVJUSUZJQ0FURS0tLS0tCk1JSUU2RENDQXRDZ0F3SUJBZ0lRUlJNK09NUkp3L3JjTjExWmhETkVzVEFOQmdrcWhraUc5dzBCQVFzRkFEQU4KTVFzd0NRWURWUVFERXdKallUQWdGdzB5TmpBek1EVXhNakk1TkRkYUdBOHlNRFUyTURNd05URXlNemswTjFvdwpEVEVMTUFrR0ExVUVBeE1DWTJFd2dnSWlNQTBHQ1NxR1NJYjNEUUVCQVFVQUE0SUNEd0F3Z2dJS0FvSUNBUURFCkNlSUlKK1U1V2JaMWpUL0ozeG1YK3dYVVhGZ0h0dTdxS3NnSVBCTnZ4NnhmWDZKSzB1Z29XNHRzc25tU29QSkcKVnJUS2xYdG5YbHk2QytwbVBGbnliRU9qcjRhZndDZjkxVXJDeUZ6QVZiWmhJMlYzY0JncTU0QVNwSlFoQnlGeQpQS3pSOHhGMkhpWjBhaXRicmZXMERWcHJnODkzMU1xZzBWUGpqUW12aWVyLzhZaE1ibXI1Y3JqY09SQ3A4MVNZCm5QNUZpNkpHeTFDSmJVaGMxYnR6eHJueXlwR1lqZXNPc05LS2VVS3dsaW1ZQ1crZnU4dmVwRmJGckk5MUlnYkMKR3VKQlhnMWZreDVvcjh4TVVITGwyOFpKVndpSVhLbzZkd0VGMTlqMWh3cTJ3Sjk4bXB4eDZGMGJ4M3FTalhtSQpUaEpQSVRiWEtMK0syVFZnM3QzdXdwN1pUdFNOMGZIQlN3MmZROWxFenJ5TmFTVGtBdjEyWFByVEl3V252Z1dDCmI2UHV3aHF5eTRUUjNxenJIUHdvRkxLV1pyZTU0VXVDdDZnazY2YXNrQjhRZDNCdE9OMlVIZ0N3eGlTcW4rRFQKTVNkVXhTeVZTRmhRUUdWQ25QdTlvWGFFKzhDbDF1OVR3eHZXOXMwMk4zUVU5SXQxWXdTYXdTVkw1b3RzcTU3Twp3eDdMMnFvSllrUzdYb2dlNGh6OFNEWStUeFhZOUQzZnBIQWp1cmFleitiTUZKVFpyR2RHYVdHRFExSktQLzcvClA3ZTE3cUdWclhYVW9UbHpEUmJrclhVdklHbzBleWpTaWpoeXkrZjFmVlhnb3BuUElLSmlPVFFqTWJxVlFqV1QKd1hUbTBkT2ZxeVh1bWRva3BCT3BCc09GVENFZ3hrRU83Wmg1dmNWUTJRSURBUUFCbzBJd1FEQU9CZ05WSFE4QgpBZjhFQkFNQ0FxUXdEd1lEVlIwVEFRSC9CQVV3QXdFQi96QWRCZ05WSFE0RUZnUVVGWlZLUXZtVitORWFtczQ5CkJ0YmpWT0R1aWpFd0RRWUpLb1pJaHZjTkFRRUxCUUFEZ2dJQkFCWERpeFdBUjJnSjZWem5Ea0Q3dDNkWEdxQ3QKRFduSm9ITEkrTUZmMjJzdzFvZlRrc0QvK1hyOUdMd1hBT2ZIQVYraHc4YTZKbDBrRnFJL0NzSWxTaktqV2FRVQp4cmo3YTE5cUtLZk1NblJ0a215TFA3NC9nemk1dTVzMzhpa0tsQktHQlMzVjFJU25keE9JYkwrZndvbE4yTnErCnBvdWdIOE12VStHcXNkaEl2Wi9wL2lEMkZ5c2QySlVTWTJjVTFPajQwaDIwajRxaTZqcUdkQWdTREZVOHVTSFcKWEc5MXpobDBnU2s3MlBsN1FScVU3YXk0a3NDM1ZkS2x1dFQ0SXh4T3MxdDVSYVlsRWFXNCtaRVJTUkc3emVxSgpiM3NkVVFuUWNHZ1NOWGd2aTVtQ3YzTzZ4bzN3QVlVQng4dlV4eFZjNDhLQnF1M3F2Q1lNdzNWS3JJbThNcysrCmNMUWZyS1AyYWlFVENPU09EVitnZVJIbWE4T0c3ZTBhaUJJanVSaU1UaUtETnF3Q0NrMTlFUUVPV2tyZHB3MzcKL1R5TjJLdnI4cmh6ZU9VVklNNjVQQmMySHAxbXlmUHBFRW9hSHhHeWkzK3oyU0hIODc3MFhzYXgycno0LzZiOQoxNmhlMmQ2NWhLd0M0eEg5NG1ieStSTDcxQnpGcHBGbWt6RTgzdy95Tk5vcFJDUDdPTUEycnFpSDZuODlDUmZSCm9DTXlYN2JsVTh4TmZjcEdOLzJhdzRZTUFFVDlPWUgxOUFucStrZ0N4bVJ5U014bHY5blp2a0p0RjdKWWdwaHEKRFR6RGdVYlR2cVVad3BFSHV5bWRsMjhCRUNSUHJQcUZUZmZFN3pXUUtoK0ZIc0xGUjFMS0pVdGpRY0JyUUM5ZwprYVJqUGJSQjZpMFpTMnlPCi0tLS0tRU5EIENFUlRJRklDQVRFLS0tLS0K",
                "host": "https://secureaks-bbcg6qdz.hcp.centralus.azmk8s.io:443",
                "password": "tcplvylcm1t4ui2r1jm1rf2njnbe2t4y756s94mk818h7gcksiizp8mt38kxp2va19q9aw1j6yezztk8po1kdfbq5csm9ezvqcqagf5oi72f8bu62k0wv14dttw9m4zx",
                "username": "clusterUser_rg-aks-security_secure-aks-cluster"
              }
            ],
            "kube_config_raw": "apiVersion: v1\nclusters:\n- cluster:\n    certificate-authority-data: LS0tLS1CRUdJTiBDRVJUSUZJQ0FURS0tLS0tCk1JSUU2RENDQXRDZ0F3SUJBZ0lRUlJNK09NUkp3L3JjTjExWmhETkVzVEFOQmdrcWhraUc5dzBCQVFzRkFEQU4KTVFzd0NRWURWUVFERXdKallUQWdGdzB5TmpBek1EVXhNakk1TkRkYUdBOHlNRFUyTURNd05URXlNemswTjFvdwpEVEVMTUFrR0ExVUVBeE1DWTJFd2dnSWlNQTBHQ1NxR1NJYjNEUUVCQVFVQUE0SUNEd0F3Z2dJS0FvSUNBUURFCkNlSUlKK1U1V2JaMWpUL0ozeG1YK3dYVVhGZ0h0dTdxS3NnSVBCTnZ4NnhmWDZKSzB1Z29XNHRzc25tU29QSkcKVnJUS2xYdG5YbHk2QytwbVBGbnliRU9qcjRhZndDZjkxVXJDeUZ6QVZiWmhJMlYzY0JncTU0QVNwSlFoQnlGeQpQS3pSOHhGMkhpWjBhaXRicmZXMERWcHJnODkzMU1xZzBWUGpqUW12aWVyLzhZaE1ibXI1Y3JqY09SQ3A4MVNZCm5QNUZpNkpHeTFDSmJVaGMxYnR6eHJueXlwR1lqZXNPc05LS2VVS3dsaW1ZQ1crZnU4dmVwRmJGckk5MUlnYkMKR3VKQlhnMWZreDVvcjh4TVVITGwyOFpKVndpSVhLbzZkd0VGMTlqMWh3cTJ3Sjk4bXB4eDZGMGJ4M3FTalhtSQpUaEpQSVRiWEtMK0syVFZnM3QzdXdwN1pUdFNOMGZIQlN3MmZROWxFenJ5TmFTVGtBdjEyWFByVEl3V252Z1dDCmI2UHV3aHF5eTRUUjNxenJIUHdvRkxLV1pyZTU0VXVDdDZnazY2YXNrQjhRZDNCdE9OMlVIZ0N3eGlTcW4rRFQKTVNkVXhTeVZTRmhRUUdWQ25QdTlvWGFFKzhDbDF1OVR3eHZXOXMwMk4zUVU5SXQxWXdTYXdTVkw1b3RzcTU3Twp3eDdMMnFvSllrUzdYb2dlNGh6OFNEWStUeFhZOUQzZnBIQWp1cmFleitiTUZKVFpyR2RHYVdHRFExSktQLzcvClA3ZTE3cUdWclhYVW9UbHpEUmJrclhVdklHbzBleWpTaWpoeXkrZjFmVlhnb3BuUElLSmlPVFFqTWJxVlFqV1QKd1hUbTBkT2ZxeVh1bWRva3BCT3BCc09GVENFZ3hrRU83Wmg1dmNWUTJRSURBUUFCbzBJd1FEQU9CZ05WSFE4QgpBZjhFQkFNQ0FxUXdEd1lEVlIwVEFRSC9CQVV3QXdFQi96QWRCZ05WSFE0RUZnUVVGWlZLUXZtVitORWFtczQ5CkJ0YmpWT0R1aWpFd0RRWUpLb1pJaHZjTkFRRUxCUUFEZ2dJQkFCWERpeFdBUjJnSjZWem5Ea0Q3dDNkWEdxQ3QKRFduSm9ITEkrTUZmMjJzdzFvZlRrc0QvK1hyOUdMd1hBT2ZIQVYraHc4YTZKbDBrRnFJL0NzSWxTaktqV2FRVQp4cmo3YTE5cUtLZk1NblJ0a215TFA3NC9nemk1dTVzMzhpa0tsQktHQlMzVjFJU25keE9JYkwrZndvbE4yTnErCnBvdWdIOE12VStHcXNkaEl2Wi9wL2lEMkZ5c2QySlVTWTJjVTFPajQwaDIwajRxaTZqcUdkQWdTREZVOHVTSFcKWEc5MXpobDBnU2s3MlBsN1FScVU3YXk0a3NDM1ZkS2x1dFQ0SXh4T3MxdDVSYVlsRWFXNCtaRVJTUkc3emVxSgpiM3NkVVFuUWNHZ1NOWGd2aTVtQ3YzTzZ4bzN3QVlVQng4dlV4eFZjNDhLQnF1M3F2Q1lNdzNWS3JJbThNcysrCmNMUWZyS1AyYWlFVENPU09EVitnZVJIbWE4T0c3ZTBhaUJJanVSaU1UaUtETnF3Q0NrMTlFUUVPV2tyZHB3MzcKL1R5TjJLdnI4cmh6ZU9VVklNNjVQQmMySHAxbXlmUHBFRW9hSHhHeWkzK3oyU0hIODc3MFhzYXgycno0LzZiOQoxNmhlMmQ2NWhLd0M0eEg5NG1ieStSTDcxQnpGcHBGbWt6RTgzdy95Tk5vcFJDUDdPTUEycnFpSDZuODlDUmZSCm9DTXlYN2JsVTh4TmZjcEdOLzJhdzRZTUFFVDlPWUgxOUFucStrZ0N4bVJ5U014bHY5blp2a0p0RjdKWWdwaHEKRFR6RGdVYlR2cVVad3BFSHV5bWRsMjhCRUNSUHJQcUZUZmZFN3pXUUtoK0ZIc0xGUjFMS0pVdGpRY0JyUUM5ZwprYVJqUGJSQjZpMFpTMnlPCi0tLS0tRU5EIENFUlRJRklDQVRFLS0tLS0K\n    server: https://secureaks-bbcg6qdz.hcp.centralus.azmk8s.io:443\n  name: secure-aks-cluster\ncontexts:\n- context:\n    cluster: secure-aks-cluster\n    user: clusterUser_rg-aks-security_secure-aks-cluster\n  name: secure-aks-cluster\ncurrent-context: secure-aks-cluster\nkind: Config\nusers:\n- name: clusterUser_rg-aks-security_secure-aks-cluster\n  user:\n    client-certificate-data: LS0tLS1CRUdJTiBDRVJUSUZJQ0FURS0tLS0tCk1JSUZIakNDQXdhZ0F3SUJBZ0lSQU9sV1BERFE0L2JRWnhKWE1mTWQwaDB3RFFZSktvWklodmNOQVFFTEJRQXcKRFRFTE1Ba0dBMVVFQXhNQ1kyRXdIaGNOTWpZd016QTFNVEl5T1RRM1doY05Namd3TXpBMU1USXpPVFEzV2pBdwpNUmN3RlFZRFZRUUtFdzV6ZVhOMFpXMDZiV0Z6ZEdWeWN6RVZNQk1HQTFVRUF4TU1iV0Z6ZEdWeVkyeHBaVzUwCk1JSUNJakFOQmdrcWhraUc5dzBCQVFFRkFBT0NBZzhBTUlJQ0NnS0NBZ0VBckl1M2NhTjRWbXB6aWRUZTFoT24KSVpTb2FOblROUFIzZUFaOGo3aEFlTlFNRFBaK0JWVStqanJmQVdnd0o5d29BUFp0eVRmNUp5RzlIOUs4UDlodQozcU1WRXIzeTE1ZGhLMCt4T2swVDhaeU9TNUg2Z2JRQkZleFphRTdUbUIvRkE0bkNmdzVGWXd4aytxZ2pxbHBhClprU3g0cTNrbFFCRGMvYVFNeXNjT3oycjdrZGQrdXJMMldmTWgvdHY4TjBqellqTGZtclo0TXNOeW0rUEhhZWIKakJ1S3N1S1NVaU5RR08wV0pYbm1yQXpacjBtTGVWQXhzditJNkNUWTlXaVBWck5oSEF3U2l4TGZrTlpUcnc5bQp0SmQ3ZHZ1WXZseVNZU3BrSjNWQ3p4VEpndEE1WldlaHdHcVl6V1ByWUdINzJTZzNkcnJOK1lzSkRYL2N5dHVSCktER040dElPU3h0UTk2cXlrZFhQRi9CcWhrUHZBVmQ1cVIwMFB2dmZpaG5wcUYwTGE4OFRnK2N6eEF5cGdQRzUKZDJLVm9MbFJoZ3Qwd3NVR0tlbmFmZHdlS3ZjZVptREo0d3phMkw2KzRLZTJOd0s4T1AxNTRuallKOFVSU2JxcQpXaE0rR1FnZ0t2ZDAzMWFLeWl6M21uU09LeEVrQW5YMzU5a2h3NFlnYnNzSkpLR01hSDV4Um8xK0xXWThkb1F4ClQ5YXhRNjREWkNBSXpTSmxwZVNBTHJUOTVXZGxpL1B0OUZwdzZwYWhmdWhqbytnNzVGMnpDZCtoZnpadCtIR1QKK1JyVEdSbkQ0eDRYVzI2THhOL3o3TzVjejdZQTdtTGVHT3NXRngvOWZvVzBDcEdoVTNqZlpjYTVpNkVjMzBWNQptZWVudmxpaXRYOW9tNTVHbWdGZEJ1VUNBd0VBQWFOV01GUXdEZ1lEVlIwUEFRSC9CQVFEQWdXZ01CTUdBMVVkCkpRUU1NQW9HQ0NzR0FRVUZCd01DTUF3R0ExVWRFd0VCL3dRQ01BQXdId1lEVlIwakJCZ3dGb0FVRlpWS1F2bVYKK05FYW1zNDlCdGJqVk9EdWlqRXdEUVlKS29aSWh2Y05BUUVMQlFBRGdnSUJBTDBrZmNaWXhnbVlCTUQ5UDdlaApSV2hEMjFEUms2WlRxUVFYVFkzMlJ0bGVHdVp1YUw5b3hCLzJpWG82UkRzelV1MS9Pd2NqSytVbE5mVXJjbVd6CkUrMlhCaEdHK2xNbmJocmNqL3YrTnRScjNZczFENkp6MWVwcU93elJPWm1QY0RpaFBjK0U3NWk3Z3UycDl6Ry8KeFFldHkyWlN4dWJCQnNmbXNPZ2hCbTQ4amlJTEh1Q1Q1eUQ2TlFReGZlcU16djNoT1A2THRhSXNPTy9DV2dtWApFdjdCS1BkMXdGSFgxUFlYMmZXcWlyQWpjTlRCK3BuSXNEL0hBeTVSRytFNlJzR2lCdnZCcWZGNjViM0FabG92CjdnbXVyWU1EVGVZWDdXSVRmR0prbWVoVFBWdHVHaXpoOHhOc2VYWW5vTitXYm5WQW03ZDAwRit6RjBna09ZMWEKUkZtUUREZlcwTDJVbFR1M25ZTVJzU01rQXMwVTFYYy9jMDRhNGZ3TlcrVEN5YkMvNUhIWFk4UElZVHlVb2swawpqZDFHK2RBRFZHMFNnaWx4VXNrYTVjMG4zYnZlREtDU0V2a21POWg0YjhjVTBaL0tZNC9ZN0I3U2t4NHNYU0RHCnhiY1dmbEZkemIvd3d4ZUVrZmNpTnRsbjdkVm9rL1gxaDMzOUhsWDVvdCtOV2hDZVZnYi9Ed0RFNzZVRmRlc2cKd3M5bzQ0aDdWVUlpRE9KZFY2NTlFV09abWphZFRyT2VCMWJJWWg3SXFUUnNlV0liR3Q5aG9odzNVeUFzRCsydwoxdEl0VUxwb0M3M3NQaGFOb2JJMHZreEYxRGpHMW9DVnMwZ0NDbTEzSEd4blU1eS80Q3dCQVd1SkJlSjFjc1lOCmVNTHZVbFIrZmtwSXNGMzFkT2xpUzQ4NwotLS0tLUVORCBDRVJUSUZJQ0FURS0tLS0tCg==\n    client-key-data: LS0tLS1CRUdJTiBSU0EgUFJJVkFURSBLRVktLS0tLQpNSUlKS2dJQkFBS0NBZ0VBckl1M2NhTjRWbXB6aWRUZTFoT25JWlNvYU5uVE5QUjNlQVo4ajdoQWVOUU1EUForCkJWVStqanJmQVdnd0o5d29BUFp0eVRmNUp5RzlIOUs4UDlodTNxTVZFcjN5MTVkaEswK3hPazBUOFp5T1M1SDYKZ2JRQkZleFphRTdUbUIvRkE0bkNmdzVGWXd4aytxZ2pxbHBhWmtTeDRxM2tsUUJEYy9hUU15c2NPejJyN2tkZAordXJMMldmTWgvdHY4TjBqellqTGZtclo0TXNOeW0rUEhhZWJqQnVLc3VLU1VpTlFHTzBXSlhubXJBelpyMG1MCmVWQXhzditJNkNUWTlXaVBWck5oSEF3U2l4TGZrTlpUcnc5bXRKZDdkdnVZdmx5U1lTcGtKM1ZDenhUSmd0QTUKWldlaHdHcVl6V1ByWUdINzJTZzNkcnJOK1lzSkRYL2N5dHVSS0RHTjR0SU9TeHRROTZxeWtkWFBGL0JxaGtQdgpBVmQ1cVIwMFB2dmZpaG5wcUYwTGE4OFRnK2N6eEF5cGdQRzVkMktWb0xsUmhndDB3c1VHS2VuYWZkd2VLdmNlClptREo0d3phMkw2KzRLZTJOd0s4T1AxNTRuallKOFVSU2JxcVdoTStHUWdnS3ZkMDMxYUt5aXozbW5TT0t4RWsKQW5YMzU5a2h3NFlnYnNzSkpLR01hSDV4Um8xK0xXWThkb1F4VDlheFE2NERaQ0FJelNKbHBlU0FMclQ5NVdkbAppL1B0OUZwdzZwYWhmdWhqbytnNzVGMnpDZCtoZnpadCtIR1QrUnJUR1JuRDR4NFhXMjZMeE4vejdPNWN6N1lBCjdtTGVHT3NXRngvOWZvVzBDcEdoVTNqZlpjYTVpNkVjMzBWNW1lZW52bGlpdFg5b201NUdtZ0ZkQnVVQ0F3RUEKQVFLQ0FnQW9OcC9ZWWtybmlRUEllYzQ5Z25NUFJvQkJmNUxUNHEzOVVUV3lvVFNWZElZaWQwaERvZXhrWmFBWAp5ZHAvVDdZYkUxUGU4NmFqMGg4cnpZZUdNY0VWTGxqNDkwQWpzdW80bCtnc09FNlBudmNpOGJDNmplTTY0c3lyCm5NTi96dGV4eldlQkNTaHV2ekxCb0hJL2Y3TlY1bWkyOWVReVBjOTZ0VnBDTXFmdnZwM1ZlTmlVWkNpQ1VNakEKWUg5a1dZWEFuME1lQVhVcUNPajc1eWdwdHlodmJQUFVZUzNNNnVIK0RUTitKSHo0V0Q1YnRmNUZsY1VmZktMQgp4K1N3dlYrNnl5KzB3N09HcWkxa3FpN3l1OW9wK0t3VHZPdUtZalRUWkhmWEltTWh0Q3lLeWxDMks0THRQMnJCClk2bzEybUJCNmplUytsS0srRFp4NlB6aVltM2YyRVE1TmFLSnlGcWJkcVV5SGJ1L1lWV2xxaGpvbXZNUDVwQ3MKZHNZRmI4cGE4R2pKRnpKcnMvQnhlYWRyeU5zY1RDQkZaL1pvdTZ6RjZlblBzd3luUXhubCtwY3paakJ5dURzZQpxTTAvYUFqbU16WVNXT295QStzMFZVQmZsRTVFTnhDbExRYUh4Zzh1b2Y0Z3VnREdDRk9OYVd1clRpbW5jZ1R1CjBIbTJoTEVwT0Z5Njh3R3ZTOSsxdkJLWURvQ0s2Z1dRQ0tsaktxUGd1Rno5VXQ0UFdFeFowK1RHTlNFZzJ4VEIKSE5xY0NyNXl1d1RXM0wvbWhCUVpqYUxjNEFIRENZOW1nc1dlTVRzaTMrWi9acEpqMUtNNjRGTGhNYk5qanJHMApkbVNmbEZ2TGRxT1lFZFo3eUdTZDc4TDNRRjZMK2dpalp6RklILytHamgrWW1uL0IrUUtDQVFFQTBCSG92WEE4Ck5idWNJNUxQRTRZWlp0RXFFTGdqLzNTV3FFT0lzR0doYUpXZkVpaXR3T3JHeW5ZWGlEZlA5dTZpOUs5MTB1RkkKSThHeWh2ci9uNWNzbnJUc21BajAxWlpqaEE5cTcyaGVLWlNZdzkzd1VKS0N6dUpUc3FHbFo5TEpHNWRudS80TQp4T2dZNjFDTWFpREJQd0tXUUJiaU5MZ01XRjRPVCtVWm40T2Q1R0krK1BRT0M5NHBkYlltTzdTTTJrcGRBMFNtCjNlbEMwenpsOTZGYTgySzhkSHJXWm1SMy9melUwQzJERWo3eS9GQXRSWVRncHVWT3JQVDJNN0JDTHpST1FJV04KNERQamlaMjVtbENDalRtN25XOVdra25pNXpmbXVOWTdnTUVCeDUwbk1MS3ZwTkM2VU1RUE1qSnVOTVhCVFlnbApsQjA2V3F1RjJSRkFTd0tDQVFFQTFFcnBNRFdkME1LbHdZR3lTTmM5SXZsWS9IK1g3SmN0QzVMNFZ5NjZraWcrCjRUdHA4NDA0T3BzT2R0SE9OSkZKMVNyMTVrWWd0UFQ1QURPeTF4ekRVT2Fncml4d2FnMHJIZmRDYjE1cXppeWsKZ3h6TzErK0poNTFDL0VSUm5hbmVUOE56Rm9FcmovMlB5eDVPWXFSdXFUTWZyWWpPYnRKcStua1RlNXlHNkkxTgovdThLNjlGME52VDIxaU5iZm92MDJ4TDJweG5hTDd4MmZvZDhQNjE3RGJ6SGlHQ0FGcVl1RmdoSE9hdGhBNFhHCjJtNFVsMm5PcGUrdkhlV1RJM2Jhc3R5ak1Mc3V2dEpXV3hvYU5GaFNYSFczU0tSVzMvU1FGYTRSS09MNjNac3QKd1dyTmJVNkJ5cDB3VGxxanRHSW1PYUIvY1dYKzgrcExOcEJGMVg0M2p3S0NBUUVBa1JDcmI4aGNjaW9IUmxZSQp3ZGZ3eGRwMnRZbHNyNklkbDlyZDVmdHJpWHNubUlWNy90Q3hJRjhOTVErWWt0VDJFQnAwenozNkNkUDJJRjNHCjh3RjNQbjl0cE9JNXNPQlZLYkdHSUx4blNoNHNGQU1jbFZCUW11VDQ3Y1g5aUZGUm5VY0dMKytELzVUQ0t1M1IKdC94MlB2UVN4VVF2R2dwbnNRU0NmZm1BejlIM3QwODRFR0kzbU5hZm1VNFJnZmJ6YlE0RG8wK3Q5M0cyQVlpbgozT3BHZXdJUDJqWDZYUkVYQjZIS3pnbXRKSDkyOGFzRXBUOXJVWEQyVldmRWIyMG45N2xFQllBWDFvVFcwdytBClk3SldFeGg1VWQ1YVFVdjZRckthemF1dmVLa1lFSS9renZNRnVxYzcveXR5WE5FRVBRN1RJcmNWWEJxMG9KcU4KaXpXWDJRS0NBUUVBckNodndMdktWcEJ6VVdDM1R5RFZvSFlyZHVDV09MUkVRRjJZYlVNazVBQWxOZ3d6bU9JTwpGbURHTXc5anRQZVpzM2dhWC9yQTdWNjRTelNodEpiTHdlQzFyMm0wWkJ4M3VkNVpqdTAzbWlsVDVFdkpaZzRJCkx1VVdmSE4rNkdmb05ERWhOTC9kcnZDRzJzYWg5SmE2Y3haVmV5bzFsbU9uZzZZS2FiVC9Kcm5vNVhPL0hJd0kKUGNVY0kzNGE1WjNrSElEZGE1ZW9mQXZPNEQ5SlFHNlVHd2pibXpuK3hkOVFBbWdHTXJ0TGVrclRmekhFR3lJZwpCaXRBalBNdkJwU05PSDE3RGJyT1pzczJZcnpoUVUvYXdzWm5zMDRxY1lYb0R0elJaNkhpcFRJQndoZTFyZzM3CmJXOVp6RUR1L3dxVlN5aGdFWHNRYlllMEpQU00zVngwK3dLQ0FRRUF3cTZOTnhMeGE1UTBLVXYwK0NWQjUwZXgKMGQxTXlTOTVCNDZZWkhQbHBCeXBEeUR2QUdZbHoxQytqdUd3dVFrU0tLUmRUdHNvUDRSM1AybHFFNnpVbVpXagpFSUpvdDNBR2pMWk5GMFhOMHRSZTBvVXRYc0llS1BWMnk4RzhzTzltUEZMaTJlN1AzbmZNbFBMUzhCQ09NdVFyClovcDBZZGtNLzFPR1hyQkFjZVIrclBZMUV5K0hOODVVMjd4STVHTnhQQnl4bDlXUXpDVlBQUDgvai9OOXcyTk4KenVYZEtPUjhrS2k1L2tZODVJN0thdGRzVWxDbUVJbUdscXBTSSs4OXJ4OWpIMUxPTGNqYUpQQlo4ZmhlWjJoTgpaRVJCWE5QbEdXQnBnN2RRYmlFSmpuTk00eVlUeStUeC9sYWZFWm9OeVJwY09RaWt0ZnB2WnNLR2VDT09KUT09Ci0tLS0tRU5EIFJTQSBQUklWQVRFIEtFWS0tLS0tCg==\n    token: tcplvylcm1t4ui2r1jm1rf2njnbe2t4y756s94mk818h7gcksiizp8mt38kxp2va19q9aw1j6yezztk8po1kdfbq5csm9ezvqcqagf5oi72f8bu62k0wv14dttw9m4zx\n",
            "kubelet_identity": [
              {
                "client_id": "e1523428-ec72-4076-a4e6-ad814e7eb37c",
                "object_id": "4642f328-24a0-47bd-8646-c2be7cd4a298",
                "user_assigned_identity_id": "/subscriptions/537ddd18-9691-4948-8290-ea018512b1da/resourceGroups/MC_rg-aks-security_secure-aks-cluster_centralus/providers/Microsoft.ManagedIdentity/userAssignedIdentities/secure-aks-cluster-agentpool"
              }
            ],
            "kubernetes_version": "1.33",
            "linux_profile": [],
            "local_account_disabled": false,
            "location": "centralus",
            "maintenance_window": [],
            "maintenance_window_auto_upgrade": [],
            "maintenance_window_node_os": [],
            "microsoft_defender": [],
            "monitor_metrics": [],
            "name": "secure-aks-cluster",
            "network_profile": [
              {
                "dns_service_ip": "10.2.0.10",
                "docker_bridge_cidr": "",
                "ebpf_data_plane": "",
                "ip_versions": [
                  "IPv4"
                ],
                "load_balancer_profile": [
                  {
                    "effective_outbound_ips": [
                      "/subscriptions/537ddd18-9691-4948-8290-ea018512b1da/resourceGroups/MC_rg-aks-security_secure-aks-cluster_centralus/providers/Microsoft.Network/publicIPAddresses/b2e03c3e-2592-45da-8343-5e2c0fff8d35"
                    ],
                    "idle_timeout_in_minutes": 0,
                    "managed_outbound_ip_count": 1,
                    "managed_outbound_ipv6_count": 0,
                    "outbound_ip_address_ids": [],
                    "outbound_ip_prefix_ids": [],
                    "outbound_ports_allocated": 0
                  }
                ],
                "load_balancer_sku": "standard",
                "nat_gateway_profile": [],
                "network_data_plane": "azure",
                "network_mode": "",
                "network_plugin": "azure",
                "network_plugin_mode": "",
                "network_policy": "azure",
                "outbound_ip_address_ids": [],
                "outbound_ip_prefix_ids": [],
                "outbound_type": "loadBalancer",
                "pod_cidr": "",
                "pod_cidrs": [],
                "service_cidr": "10.2.0.0/16",
                "service_cidrs": [
                  "10.2.0.0/16"
                ]
              }
            ],
            "node_os_channel_upgrade": null,
            "node_resource_group": "MC_rg-aks-security_secure-aks-cluster_centralus",
            "node_resource_group_id": "/subscriptions/537ddd18-9691-4948-8290-ea018512b1da/resourceGroups/MC_rg-aks-security_secure-aks-cluster_centralus",
            "oidc_issuer_enabled": false,
            "oidc_issuer_url": "",
            "oms_agent": [
              {
                "log_analytics_workspace_id": "/subscriptions/537ddd18-9691-4948-8290-ea018512b1da/resourceGroups/rg-aks-security/providers/Microsoft.OperationalInsights/workspaces/aks-law",
                "msi_auth_for_monitoring_enabled": false,
                "oms_agent_identity": [
                  {
                    "client_id": "883c85db-3cc5-4ee4-8a46-9464eea2c37c",
                    "object_id": "19375193-e066-45b0-8bba-cf5292101e72",
                    "user_assigned_identity_id": "/subscriptions/537ddd18-9691-4948-8290-ea018512b1da/resourcegroups/MC_rg-aks-security_secure-aks-cluster_centralus/providers/Microsoft.ManagedIdentity/userAssignedIdentities/omsagent-secure-aks-cluster"
                  }
                ]
              }
            ],
            "open_service_mesh_enabled": false,
            "portal_fqdn": "secureaks-bbcg6qdz.portal.hcp.centralus.azmk8s.io",
            "private_cluster_enabled": false,
            "private_cluster_public_fqdn_enabled": false,
            "private_dns_zone_id": "",
            "private_fqdn": "",
            "public_network_access_enabled": true,
            "resource_group_name": "rg-aks-security",
            "role_based_access_control_enabled": true,
            "run_command_enabled": true,
            "service_mesh_profile": [],
            "service_principal": [],
            "sku_tier": "Free",
            "storage_profile": [],
            "support_plan": "KubernetesOfficial",
            "tags": null,
            "timeouts": null,
            "web_app_routing": [],
            "windows_profile": [
              {
                "admin_password": "",
                "admin_username": "azureuser",
                "gmsa": [],
                "license": ""
              }
            ],
            "workload_autoscaler_profile": [],
            "workload_identity_enabled": false
          },
          "sensitive_attributes": [
            [
              {
                "type": "get_attr",
                "value": "kube_admin_config"
              }
            ],
            [
              {
                "type": "get_attr",
                "value": "kube_admin_config_raw"
              }
            ],
            [
              {
                "type": "get_attr",
                "value": "kube_config"
              }
            ],
            [
              {
                "type": "get_attr",
                "value": "kube_config_raw"
              }
            ],
            [
              {
                "type": "get_attr",
                "value": "windows_profile"
              },
              {
                "type": "index",
                "value": {
                  "value": 0,
                  "type": "number"
                }
              },
              {
                "type": "get_attr",
                "value": "admin_password"
              }
            ]
          ],
          "identity_schema_version": 0,
          "private": "eyJlMmJmYjczMC1lY2FhLTExZTYtOGY4OC0zNDM2M2JjN2M0YzAiOnsiY3JlYXRlIjo1NDAwMDAwMDAwMDAwLCJkZWxldGUiOjU0MDAwMDAwMDAwMDAsInJlYWQiOjMwMDAwMDAwMDAwMCwidXBkYXRlIjo1NDAwMDAwMDAwMDAwfSwic2NoZW1hX3ZlcnNpb24iOiIyIn0=",
          "dependencies": [
            "azurerm_log_analytics_workspace.law",
            "azurerm_resource_group.rg",
            "azurerm_subnet.aks_subnet",
            "azurerm_virtual_network.vnet"
          ]
        }
      ]
    },
    {
      "mode": "managed",
      "type": "azurerm_log_analytics_workspace",
      "name": "law",
      "provider": "provider[\"registry.terraform.io/hashicorp/azurerm\"]",
      "instances": [
        {
          "schema_version": 3,
          "attributes": {
            "allow_resource_only_permissions": true,
            "cmk_for_query_forced": false,
            "daily_quota_gb": -1,
            "data_collection_rule_id": "",
            "id": "/subscriptions/537ddd18-9691-4948-8290-ea018512b1da/resourceGroups/rg-aks-security/providers/Microsoft.OperationalInsights/workspaces/aks-law",
            "identity": [],
            "immediate_data_purge_on_30_days_enabled": false,
            "internet_ingestion_enabled": true,
            "internet_query_enabled": true,
            "local_authentication_disabled": false,
            "location": "centralus",
            "name": "aks-law",
            "primary_shared_key": "knXSC/WOVTz7C6OODn7GI22SyA4wrPUCLf8gi/qW88Qwwctn1Rq2kvPyMUXjUzibMFb5P8gQ+vomyKdORm0Tug==",
            "reservation_capacity_in_gb_per_day": null,
            "resource_group_name": "rg-aks-security",
            "retention_in_days": 30,
            "secondary_shared_key": "U6Obyu3wmHYHlUu1ln6Qh3vHlUMJrjFTFaPODMGuAt+i5AKBsWOvuwF2diILLIPMaJFdps8yjkYV42N2t/j7dg==",
            "sku": "PerGB2018",
            "tags": {},
            "timeouts": null,
            "workspace_id": "a43de19d-c1f8-42d8-9a41-103b71992166"
          },
          "sensitive_attributes": [
            [
              {
                "type": "get_attr",
                "value": "primary_shared_key"
              }
            ],
            [
              {
                "type": "get_attr",
                "value": "secondary_shared_key"
              }
            ]
          ],
          "identity_schema_version": 0,
          "private": "eyJlMmJmYjczMC1lY2FhLTExZTYtOGY4OC0zNDM2M2JjN2M0YzAiOnsiY3JlYXRlIjoxODAwMDAwMDAwMDAwLCJkZWxldGUiOjE4MDAwMDAwMDAwMDAsInJlYWQiOjMwMDAwMDAwMDAwMCwidXBkYXRlIjoxODAwMDAwMDAwMDAwfSwic2NoZW1hX3ZlcnNpb24iOiIzIn0=",
          "dependencies": [
            "azurerm_resource_group.rg"
          ]
        }
      ]
    },
    {
      "mode": "managed",
      "type": "azurerm_monitor_diagnostic_setting",
      "name": "aks_diag",
      "provider": "provider[\"registry.terraform.io/hashicorp/azurerm\"]",
      "instances": [
        {
          "schema_version": 0,
          "attributes": {
            "enabled_log": [
              {
                "category": "kube-audit",
                "category_group": "",
                "retention_policy": []
              },
              {
                "category": "kube-audit-admin",
                "category_group": "",
                "retention_policy": []
              }
            ],
            "eventhub_authorization_rule_id": "",
            "eventhub_name": "",
            "id": "/subscriptions/537ddd18-9691-4948-8290-ea018512b1da/resourceGroups/rg-aks-security/providers/Microsoft.ContainerService/managedClusters/secure-aks-cluster|aks-audit-logs",
            "log": [
              {
                "category": "cloud-controller-manager",
                "category_group": "",
                "enabled": false,
                "retention_policy": [
                  {
                    "days": 0,
                    "enabled": false
                  }
                ]
              },
              {
                "category": "cluster-autoscaler",
                "category_group": "",
                "enabled": false,
                "retention_policy": [
                  {
                    "days": 0,
                    "enabled": false
                  }
                ]
              },
              {
                "category": "csi-azuredisk-controller",
                "category_group": "",
                "enabled": false,
                "retention_policy": [
                  {
                    "days": 0,
                    "enabled": false
                  }
                ]
              },
              {
                "category": "csi-azurefile-controller",
                "category_group": "",
                "enabled": false,
                "retention_policy": [
                  {
                    "days": 0,
                    "enabled": false
                  }
                ]
              },
              {
                "category": "csi-snapshot-controller",
                "category_group": "",
                "enabled": false,
                "retention_policy": [
                  {
                    "days": 0,
                    "enabled": false
                  }
                ]
              },
              {
                "category": "fleet-mcs-controller-manager",
                "category_group": "",
                "enabled": false,
                "retention_policy": [
                  {
                    "days": 0,
                    "enabled": false
                  }
                ]
              },
              {
                "category": "fleet-member-agent",
                "category_group": "",
                "enabled": false,
                "retention_policy": [
                  {
                    "days": 0,
                    "enabled": false
                  }
                ]
              },
              {
                "category": "fleet-member-net-controller-manager",
                "category_group": "",
                "enabled": false,
                "retention_policy": [
                  {
                    "days": 0,
                    "enabled": false
                  }
                ]
              },
              {
                "category": "guard",
                "category_group": "",
                "enabled": false,
                "retention_policy": [
                  {
                    "days": 0,
                    "enabled": false
                  }
                ]
              },
              {
                "category": "karpenter-events",
                "category_group": "",
                "enabled": false,
                "retention_policy": [
                  {
                    "days": 0,
                    "enabled": false
                  }
                ]
              },
              {
                "category": "kube-apiserver",
                "category_group": "",
                "enabled": false,
                "retention_policy": [
                  {
                    "days": 0,
                    "enabled": false
                  }
                ]
              },
              {
                "category": "kube-audit",
                "category_group": "",
                "enabled": true,
                "retention_policy": [
                  {
                    "days": 0,
                    "enabled": false
                  }
                ]
              },
              {
                "category": "kube-audit-admin",
                "category_group": "",
                "enabled": true,
                "retention_policy": [
                  {
                    "days": 0,
                    "enabled": false
                  }
                ]
              },
              {
                "category": "kube-controller-manager",
                "category_group": "",
                "enabled": false,
                "retention_policy": [
                  {
                    "days": 0,
                    "enabled": false
                  }
                ]
              },
              {
                "category": "kube-scheduler",
                "category_group": "",
                "enabled": false,
                "retention_policy": [
                  {
                    "days": 0,
                    "enabled": false
                  }
                ]
              }
            ],
            "log_analytics_destination_type": "AzureDiagnostics",
            "log_analytics_workspace_id": "/subscriptions/537ddd18-9691-4948-8290-ea018512b1da/resourceGroups/rg-aks-security/providers/Microsoft.OperationalInsights/workspaces/aks-law",
            "metric": [],
            "name": "aks-audit-logs",
            "partner_solution_id": null,
            "storage_account_id": null,
            "target_resource_id": "/subscriptions/537ddd18-9691-4948-8290-ea018512b1da/resourceGroups/rg-aks-security/providers/Microsoft.ContainerService/managedClusters/secure-aks-cluster",
            "timeouts": null
          },
          "sensitive_attributes": [],
          "identity_schema_version": 0,
          "private": "eyJlMmJmYjczMC1lY2FhLTExZTYtOGY4OC0zNDM2M2JjN2M0YzAiOnsiY3JlYXRlIjoxODAwMDAwMDAwMDAwLCJkZWxldGUiOjM2MDAwMDAwMDAwMDAsInJlYWQiOjMwMDAwMDAwMDAwMCwidXBkYXRlIjoxODAwMDAwMDAwMDAwfX0=",
          "dependencies": [
            "azurerm_kubernetes_cluster.aks",
            "azurerm_log_analytics_workspace.law",
            "azurerm_resource_group.rg",
            "azurerm_subnet.aks_subnet",
            "azurerm_virtual_network.vnet"
          ]
        }
      ]
    },
    {
      "mode": "managed",
      "type": "azurerm_resource_group",
      "name": "rg",
      "provider": "provider[\"registry.terraform.io/hashicorp/azurerm\"]",
      "instances": [
        {
          "schema_version": 0,
          "attributes": {
            "id": "/subscriptions/537ddd18-9691-4948-8290-ea018512b1da/resourceGroups/rg-aks-security",
            "location": "centralus",
            "managed_by": "",
            "name": "rg-aks-security",
            "tags": {},
            "timeouts": null
          },
          "sensitive_attributes": [],
          "identity_schema_version": 0,
          "private": "eyJlMmJmYjczMC1lY2FhLTExZTYtOGY4OC0zNDM2M2JjN2M0YzAiOnsiY3JlYXRlIjo1NDAwMDAwMDAwMDAwLCJkZWxldGUiOjU0MDAwMDAwMDAwMDAsInJlYWQiOjMwMDAwMDAwMDAwMCwidXBkYXRlIjo1NDAwMDAwMDAwMDAwfX0="
        }
      ]
    },
    {
      "mode": "managed",
      "type": "azurerm_security_center_subscription_pricing",
      "name": "defender_acr",
      "provider": "provider[\"registry.terraform.io/hashicorp/azurerm\"]",
      "instances": [
        {
          "schema_version": 1,
          "attributes": {
            "extension": [],
            "id": "/subscriptions/537ddd18-9691-4948-8290-ea018512b1da/providers/Microsoft.Security/pricings/ContainerRegistry",
            "resource_type": "ContainerRegistry",
            "subplan": "",
            "tier": "Standard",
            "timeouts": null
          },
          "sensitive_attributes": [],
          "identity_schema_version": 0,
          "private": "eyJlMmJmYjczMC1lY2FhLTExZTYtOGY4OC0zNDM2M2JjN2M0YzAiOnsiY3JlYXRlIjozNjAwMDAwMDAwMDAwLCJkZWxldGUiOjM2MDAwMDAwMDAwMDAsInJlYWQiOjMwMDAwMDAwMDAwMCwidXBkYXRlIjozNjAwMDAwMDAwMDAwfSwic2NoZW1hX3ZlcnNpb24iOiIxIn0="
        }
      ]
    },
    {
      "mode": "managed",
      "type": "azurerm_security_center_subscription_pricing",
      "name": "defender_k8s",
      "provider": "provider[\"registry.terraform.io/hashicorp/azurerm\"]",
      "instances": [
        {
          "schema_version": 1,
          "attributes": {
            "extension": [],
            "id": "/subscriptions/537ddd18-9691-4948-8290-ea018512b1da/providers/Microsoft.Security/pricings/KubernetesService",
            "resource_type": "KubernetesService",
            "subplan": "",
            "tier": "Standard",
            "timeouts": null
          },
          "sensitive_attributes": [],
          "identity_schema_version": 0,
          "private": "eyJlMmJmYjczMC1lY2FhLTExZTYtOGY4OC0zNDM2M2JjN2M0YzAiOnsiY3JlYXRlIjozNjAwMDAwMDAwMDAwLCJkZWxldGUiOjM2MDAwMDAwMDAwMDAsInJlYWQiOjMwMDAwMDAwMDAwMCwidXBkYXRlIjozNjAwMDAwMDAwMDAwfSwic2NoZW1hX3ZlcnNpb24iOiIxIn0="
        }
      ]
    },
    {
      "mode": "managed",
      "type": "azurerm_subnet",
      "name": "aks_subnet",
      "provider": "provider[\"registry.terraform.io/hashicorp/azurerm\"]",
      "instances": [
        {
          "schema_version": 0,
          "attributes": {
            "address_prefixes": [
              "10.0.1.0/24"
            ],
            "default_outbound_access_enabled": true,
            "delegation": [],
            "enforce_private_link_endpoint_network_policies": false,
            "enforce_private_link_service_network_policies": false,
            "id": "/subscriptions/537ddd18-9691-4948-8290-ea018512b1da/resourceGroups/rg-aks-security/providers/Microsoft.Network/virtualNetworks/aks-secure-vnet/subnets/aks-subnet",
            "name": "aks-subnet",
            "private_endpoint_network_policies": "Enabled",
            "private_endpoint_network_policies_enabled": true,
            "private_link_service_network_policies_enabled": true,
            "resource_group_name": "rg-aks-security",
            "service_endpoint_policy_ids": [],
            "service_endpoints": [],
            "timeouts": null,
            "virtual_network_name": "aks-secure-vnet"
          },
          "sensitive_attributes": [],
          "identity_schema_version": 0,
          "private": "eyJlMmJmYjczMC1lY2FhLTExZTYtOGY4OC0zNDM2M2JjN2M0YzAiOnsiY3JlYXRlIjoxODAwMDAwMDAwMDAwLCJkZWxldGUiOjE4MDAwMDAwMDAwMDAsInJlYWQiOjMwMDAwMDAwMDAwMCwidXBkYXRlIjoxODAwMDAwMDAwMDAwfX0=",
          "dependencies": [
            "azurerm_resource_group.rg",
            "azurerm_virtual_network.vnet"
          ]
        }
      ]
    },
    {
      "mode": "managed",
      "type": "azurerm_subscription_policy_assignment",
      "name": "aks_pss",
      "provider": "provider[\"registry.terraform.io/hashicorp/azurerm\"]",
      "instances": [
        {
          "schema_version": 0,
          "attributes": {
            "description": "",
            "display_name": "",
            "enforce": true,
            "id": "/subscriptions/537ddd18-9691-4948-8290-ea018512b1da/providers/Microsoft.Authorization/policyAssignments/aks-baseline-pss",
            "identity": [],
            "location": "",
            "metadata": "{\"createdBy\":\"e38935c4-24c1-45f9-83c2-e498005b0941\",\"createdOn\":\"2026-03-05T12:10:03.1702086Z\",\"updatedBy\":null,\"updatedOn\":null}",
            "name": "aks-baseline-pss",
            "non_compliance_message": [],
            "not_scopes": [],
            "overrides": [],
            "parameters": "",
            "policy_definition_id": "/providers/Microsoft.Authorization/policyDefinitions/95edb821-ddaf-4404-9732-666045e056b4",
            "resource_selectors": [],
            "subscription_id": "/subscriptions/537ddd18-9691-4948-8290-ea018512b1da",
            "timeouts": null
          },
          "sensitive_attributes": [],
          "identity_schema_version": 0,
          "private": "eyJlMmJmYjczMC1lY2FhLTExZTYtOGY4OC0zNDM2M2JjN2M0YzAiOnsiY3JlYXRlIjoxODAwMDAwMDAwMDAwLCJkZWxldGUiOjE4MDAwMDAwMDAwMDAsInJlYWQiOjMwMDAwMDAwMDAwMCwidXBkYXRlIjoxODAwMDAwMDAwMDAwfX0=",
          "dependencies": [
            "data.azurerm_subscription.current"
          ]
        }
      ]
    },
    {
      "mode": "managed",
      "type": "azurerm_virtual_network",
      "name": "vnet",
      "provider": "provider[\"registry.terraform.io/hashicorp/azurerm\"]",
      "instances": [
        {
          "schema_version": 0,
          "attributes": {
            "address_space": [
              "10.0.0.0/16"
            ],
            "bgp_community": "",
            "ddos_protection_plan": [],
            "dns_servers": [],
            "edge_zone": "",
            "encryption": [],
            "flow_timeout_in_minutes": 0,
            "guid": "655f7ed4-9d8b-42d9-b20b-4deac5ac66fb",
            "id": "/subscriptions/537ddd18-9691-4948-8290-ea018512b1da/resourceGroups/rg-aks-security/providers/Microsoft.Network/virtualNetworks/aks-secure-vnet",
            "location": "centralus",
            "name": "aks-secure-vnet",
            "resource_group_name": "rg-aks-security",
            "subnet": [
              {
                "address_prefix": "10.0.1.0/24",
                "id": "/subscriptions/537ddd18-9691-4948-8290-ea018512b1da/resourceGroups/rg-aks-security/providers/Microsoft.Network/virtualNetworks/aks-secure-vnet/subnets/aks-subnet",
                "name": "aks-subnet",
                "security_group": ""
              }
            ],
            "tags": {},
            "timeouts": null
          },
          "sensitive_attributes": [],
          "identity_schema_version": 0,
          "private": "eyJlMmJmYjczMC1lY2FhLTExZTYtOGY4OC0zNDM2M2JjN2M0YzAiOnsiY3JlYXRlIjoxODAwMDAwMDAwMDAwLCJkZWxldGUiOjE4MDAwMDAwMDAwMDAsInJlYWQiOjMwMDAwMDAwMDAwMCwidXBkYXRlIjoxODAwMDAwMDAwMDAwfX0=",
          "dependencies": [
            "azurerm_resource_group.rg"
          ]
        }
      ]
    },
    {
      "mode": "managed",
      "type": "random_string",
      "name": "suffix",
      "provider": "provider[\"registry.terraform.io/hashicorp/random\"]",
      "instances": [
        {
          "schema_version": 2,
          "attributes": {
            "id": "YFAUX",
            "keepers": null,
            "length": 5,
            "lower": true,
            "min_lower": 0,
            "min_numeric": 0,
            "min_special": 0,
            "min_upper": 0,
            "number": true,
            "numeric": true,
            "override_special": null,
            "result": "YFAUX",
            "special": false,
            "upper": true
          },
          "sensitive_attributes": [],
          "identity_schema_version": 0
        }
      ]
    }
  ],
  "check_results": null
}
